// !$*UTF8*$!
{
	archiveVersion = 1;
	classes = {
	};
	objectVersion = 56;
	objects = {

/* Begin PBXBuildFile section */
		5948F01619A290A47F9C37ED /* getPlayListAPI.swift in Sources */ = {isa = PBXBuildFile; fileRef = 5948F88D276182505BD216AE /* getPlayListAPI.swift */; };
		5948F093668E89953B101ADA /* AuthenticationManager.swift in Sources */ = {isa = PBXBuildFile; fileRef = 5948F1E9900FF92F87437802 /* AuthenticationManager.swift */; };
		5948F0C3632A4560F01C20D9 /* NELogin.swift in Sources */ = {isa = PBXBuildFile; fileRef = 5948FB847A4AB0B0CC4B9531 /* NELogin.swift */; };
		5948F0D035CA5580455CEA31 /* themeIdeas.md in Sources */ = {isa = PBXBuildFile; fileRef = 5948F179B32ACD08ED6D718C /* themeIdeas.md */; };
		5948F139AC2B7BE3CA48DCE3 /* userQrShow.swift in Sources */ = {isa = PBXBuildFile; fileRef = 5948FE9BD0F024B3495CA442 /* userQrShow.swift */; };
		5948F45CF98269FAD70863D9 /* userCellPhoneShow.swift in Sources */ = {isa = PBXBuildFile; fileRef = 5948FC596535618AAB70B9BA /* userCellPhoneShow.swift */; };
		5948F49B4361D9683707AE8A /* NELoginPhone.swift in Sources */ = {isa = PBXBuildFile; fileRef = 5948F36C38BF5165B4CEBCF9 /* NELoginPhone.swift */; };
		5948F4EC6D37836D2B1BADFE /* userAPI.swift in Sources */ = {isa = PBXBuildFile; fileRef = 5948F5C035A8376E65EACFA5 /* userAPI.swift */; };
		5948F62E960BB4694F3B14E2 /* NELoginQrKey.swift in Sources */ = {isa = PBXBuildFile; fileRef = 5948FB41215087CD316E359F /* NELoginQrKey.swift */; };
		5948F81AE9F9F5BE7E767704 /* userQrShow.swift in Sources */ = {isa = PBXBuildFile; fileRef = 5948FE9BD0F024B3495CA442 /* userQrShow.swift */; };
		5948F8CC30C6537CA558D11D /* userMainView.swift in Sources */ = {isa = PBXBuildFile; fileRef = 5948FF59D1C679465758B9A5 /* userMainView.swift */; };
		5948FA0D29F01E2546459D14 /* userThought.md in Sources */ = {isa = PBXBuildFile; fileRef = 5948FC73D4F44EAD928F684D /* userThought.md */; };
		5948FAC90B197DE05CDBDA83 /* NELoginQrChk.swift in Sources */ = {isa = PBXBuildFile; fileRef = 5948F69696D141F6FD6C05DE /* NELoginQrChk.swift */; };
		5948FB502567D8DBFEBA4CAD /* loginAPI.swift in Sources */ = {isa = PBXBuildFile; fileRef = 5948F79C45FAE70E0A25B7EC /* loginAPI.swift */; };
		5948FB7812D4CD79D77FC958 /* 代码规范.md in Sources */ = {isa = PBXBuildFile; fileRef = 5948F1DF6ED96E0D623BDD98 /* 代码规范.md */; };
		5948FDF4EC6247040C8E2B1A /* userMainView.swift in Sources */ = {isa = PBXBuildFile; fileRef = 5948FF59D1C679465758B9A5 /* userMainView.swift */; };
		5948FEFE77B19AFCDF1A80A5 /* PlaybackSettingsView.swift in Sources */ = {isa = PBXBuildFile; fileRef = 5948FF22AC4FB2EA9C0FE6D1 /* PlaybackSettingsView.swift */; };
		5948FF030693350CC26616E2 /* apiModels.swift in Sources */ = {isa = PBXBuildFile; fileRef = 5948F848C24C57E27B6BA130 /* apiModels.swift */; };
		5948FF5CE8555154D014FD49 /* NELoginQrCreate.swift in Sources */ = {isa = PBXBuildFile; fileRef = 5948FD892B95EDFAB55589D8 /* NELoginQrCreate.swift */; };
		5948FFA5A7AE587950030173 /* userThought.md in Sources */ = {isa = PBXBuildFile; fileRef = 5948FC73D4F44EAD928F684D /* userThought.md */; };
		B579CFD82E00D2E800B1F047 /* MusicApi.h in Headers */ = {isa = PBXBuildFile; fileRef = B579CFD72E00D2E800B1F047 /* MusicApi.h */; settings = {ATTRIBUTES = (Public, ); }; };
		B579CFE32E00D2FE00B1F047 /* AppDelegate.swift in Sources */ = {isa = PBXBuildFile; fileRef = B579CFE22E00D2FE00B1F047 /* AppDelegate.swift */; };
		B579CFE52E00D2FE00B1F047 /* SceneDelegate.swift in Sources */ = {isa = PBXBuildFile; fileRef = B579CFE42E00D2FE00B1F047 /* SceneDelegate.swift */; };
		B579CFE72E00D2FE00B1F047 /* ViewController.swift in Sources */ = {isa = PBXBuildFile; fileRef = B579CFE62E00D2FE00B1F047 /* ViewController.swift */; };
		B579CFEA2E00D2FE00B1F047 /* Main.storyboard in Resources */ = {isa = PBXBuildFile; fileRef = B579CFE82E00D2FE00B1F047 /* Main.storyboard */; };
		B579CFEC2E00D2FF00B1F047 /* Assets.xcassets in Resources */ = {isa = PBXBuildFile; fileRef = B579CFEB2E00D2FF00B1F047 /* Assets.xcassets */; };
		B579CFEF2E00D2FF00B1F047 /* LaunchScreen.storyboard in Resources */ = {isa = PBXBuildFile; fileRef = B579CFED2E00D2FF00B1F047 /* LaunchScreen.storyboard */; };
		B579CFF42E00D31A00B1F047 /* MusicApi.framework in Frameworks */ = {isa = PBXBuildFile; fileRef = B579CFD52E00D2E800B1F047 /* MusicApi.framework */; };
		B579CFF52E00D31A00B1F047 /* MusicApi.framework in Embed Frameworks */ = {isa = PBXBuildFile; fileRef = B579CFD52E00D2E800B1F047 /* MusicApi.framework */; settings = {ATTRIBUTES = (CodeSignOnCopy, RemoveHeadersOnCopy, ); }; };
		B579CFFA2E00D33300B1F047 /* TestApiConnect.swift in Sources */ = {isa = PBXBuildFile; fileRef = B579CFF92E00D33300B1F047 /* TestApiConnect.swift */; };
		B579D01C2E00D5C500B1F047 /* MusicApiTests.swift in Sources */ = {isa = PBXBuildFile; fileRef = B579D01B2E00D5C500B1F047 /* MusicApiTests.swift */; };
		B579D01D2E00D5C500B1F047 /* MusicApi.framework in Frameworks */ = {isa = PBXBuildFile; fileRef = B579CFD52E00D2E800B1F047 /* MusicApi.framework */; platformFilter = ios; };
		B58FBE952E009F1D00A622E4 /* Assets.xcassets in Resources */ = {isa = PBXBuildFile; fileRef = B58FBE912E009F1D00A622E4 /* Assets.xcassets */; };
		B58FBE972E009F1D00A622E4 /* router.swift in Sources */ = {isa = PBXBuildFile; fileRef = B58FBE802E009F1D00A622E4 /* router.swift */; };
		B58FBE982E009F1D00A622E4 /* history_favorite.swift in Sources */ = {isa = PBXBuildFile; fileRef = B58FBE822E009F1D00A622E4 /* history_favorite.swift */; };
		B58FBE992E009F1D00A622E4 /* home.swift in Sources */ = {isa = PBXBuildFile; fileRef = B58FBE842E009F1D00A622E4 /* home.swift */; };
		B58FBE9A2E009F1D00A622E4 /* list.swift in Sources */ = {isa = PBXBuildFile; fileRef = B58FBE862E009F1D00A622E4 /* list.swift */; };
		B58FBE9B2E009F1D00A622E4 /* search.swift in Sources */ = {isa = PBXBuildFile; fileRef = B58FBE882E009F1D00A622E4 /* search.swift */; };
		B58FBE9D2E009F1D00A622E4 /* song_detail.swift in Sources */ = {isa = PBXBuildFile; fileRef = B58FBE8C2E009F1D00A622E4 /* song_detail.swift */; };
		B58FBE9E2E009F1D00A622E4 /* user.swift in Sources */ = {isa = PBXBuildFile; fileRef = B58FBE8E2E009F1D00A622E4 /* user.swift */; };
		B58FBE9F2E009F1D00A622E4 /* netmusicApp.swift in Sources */ = {isa = PBXBuildFile; fileRef = B58FBE932E009F1D00A622E4 /* netmusicApp.swift */; };
		B596F9192E01F2F200CB2BCB /* SettingItemView.swift in Sources */ = {isa = PBXBuildFile; fileRef = B596F9182E01F2F200CB2BCB /* SettingItemView.swift */; };
		B596F91B2E01F31E00CB2BCB /* SettingsSection.swift in Sources */ = {isa = PBXBuildFile; fileRef = B596F91A2E01F31E00CB2BCB /* SettingsSection.swift */; };
		B596F91D2E01F35D00CB2BCB /* BasicSettingsView.swift in Sources */ = {isa = PBXBuildFile; fileRef = B596F91C2E01F35D00CB2BCB /* BasicSettingsView.swift */; };
		B596F9202E01F3AC00CB2BCB /* LocalizationManager.swift in Sources */ = {isa = PBXBuildFile; fileRef = B596F91F2E01F39B00CB2BCB /* LocalizationManager.swift */; };
		B596F9222E01F3CF00CB2BCB /* Bundle+Localization.swift in Sources */ = {isa = PBXBuildFile; fileRef = B596F9212E01F3CE00CB2BCB /* Bundle+Localization.swift */; };
		B596F9242E01F47B00CB2BCB /* SettingsView.swift in Sources */ = {isa = PBXBuildFile; fileRef = B596F9232E01F47B00CB2BCB /* SettingsView.swift */; };
		B596F9272E01F4E200CB2BCB /* Localizable.strings in Resources */ = {isa = PBXBuildFile; fileRef = B596F9252E01F4E200CB2BCB /* Localizable.strings */; };
		B596F92C2E01F78600CB2BCB /* thought.md in Resources */ = {isa = PBXBuildFile; fileRef = B596F92B2E01F78000CB2BCB /* thought.md */; };
/* End PBXBuildFile section */

/* Begin PBXContainerItemProxy section */
		B579CFF62E00D31A00B1F047 /* PBXContainerItemProxy */ = {
			isa = PBXContainerItemProxy;
			containerPortal = B58FBDFC2DFF388900A622E4 /* Project object */;
			proxyType = 1;
			remoteGlobalIDString = B579CFD42E00D2E800B1F047;
			remoteInfo = MusicApi;
		};
		B579D01E2E00D5C500B1F047 /* PBXContainerItemProxy */ = {
			isa = PBXContainerItemProxy;
			containerPortal = B58FBDFC2DFF388900A622E4 /* Project object */;
			proxyType = 1;
			remoteGlobalIDString = B579CFD42E00D2E800B1F047;
			remoteInfo = MusicApi;
		};
/* End PBXContainerItemProxy section */

/* Begin PBXCopyFilesBuildPhase section */
		B579CFF82E00D31A00B1F047 /* Embed Frameworks */ = {
			isa = PBXCopyFilesBuildPhase;
			buildActionMask = 2147483647;
			dstPath = "";
			dstSubfolderSpec = 10;
			files = (
				B579CFF52E00D31A00B1F047 /* MusicApi.framework in Embed Frameworks */,
			);
			name = "Embed Frameworks";
			runOnlyForDeploymentPostprocessing = 0;
		};
		B5920E8A2E00B46800612161 /* Embed Frameworks */ = {
			isa = PBXCopyFilesBuildPhase;
			buildActionMask = 2147483647;
			dstPath = "";
			dstSubfolderSpec = 10;
			files = (
			);
			name = "Embed Frameworks";
			runOnlyForDeploymentPostprocessing = 0;
		};
/* End PBXCopyFilesBuildPhase section */

/* Begin PBXFileReference section */
		5948F179B32ACD08ED6D718C /* themeIdeas.md */ = {isa = PBXFileReference; fileEncoding = 4; lastKnownFileType = net.daringfireball.markdown; path = themeIdeas.md; sourceTree = "<group>"; };
		5948F1DF6ED96E0D623BDD98 /* 代码规范.md */ = {isa = PBXFileReference; fileEncoding = 4; lastKnownFileType = net.daringfireball.markdown; path = "代码规范.md"; sourceTree = "<group>"; };
		5948F1E9900FF92F87437802 /* AuthenticationManager.swift */ = {isa = PBXFileReference; fileEncoding = 4; lastKnownFileType = sourcecode.swift; path = AuthenticationManager.swift; sourceTree = "<group>"; };
		5948F36C38BF5165B4CEBCF9 /* NELoginPhone.swift */ = {isa = PBXFileReference; fileEncoding = 4; lastKnownFileType = sourcecode.swift; path = NELoginPhone.swift; sourceTree = "<group>"; };
		5948F5C035A8376E65EACFA5 /* userAPI.swift */ = {isa = PBXFileReference; fileEncoding = 4; lastKnownFileType = sourcecode.swift; path = userAPI.swift; sourceTree = "<group>"; };
		5948F69696D141F6FD6C05DE /* NELoginQrChk.swift */ = {isa = PBXFileReference; fileEncoding = 4; lastKnownFileType = sourcecode.swift; path = NELoginQrChk.swift; sourceTree = "<group>"; };
		5948F79C45FAE70E0A25B7EC /* loginAPI.swift */ = {isa = PBXFileReference; fileEncoding = 4; lastKnownFileType = sourcecode.swift; path = loginAPI.swift; sourceTree = "<group>"; };
		5948F848C24C57E27B6BA130 /* apiModels.swift */ = {isa = PBXFileReference; fileEncoding = 4; lastKnownFileType = sourcecode.swift; path = apiModels.swift; sourceTree = "<group>"; };
		5948F88D276182505BD216AE /* getPlayListAPI.swift */ = {isa = PBXFileReference; fileEncoding = 4; lastKnownFileType = sourcecode.swift; path = getPlayListAPI.swift; sourceTree = "<group>"; };
		5948FB41215087CD316E359F /* NELoginQrKey.swift */ = {isa = PBXFileReference; fileEncoding = 4; lastKnownFileType = sourcecode.swift; path = NELoginQrKey.swift; sourceTree = "<group>"; };
		5948FB847A4AB0B0CC4B9531 /* NELogin.swift */ = {isa = PBXFileReference; fileEncoding = 4; lastKnownFileType = sourcecode.swift; path = NELogin.swift; sourceTree = "<group>"; };
		5948FC596535618AAB70B9BA /* userCellPhoneShow.swift */ = {isa = PBXFileReference; fileEncoding = 4; lastKnownFileType = sourcecode.swift; path = userCellPhoneShow.swift; sourceTree = "<group>"; };
		5948FC73D4F44EAD928F684D /* userThought.md */ = {isa = PBXFileReference; fileEncoding = 4; lastKnownFileType = net.daringfireball.markdown; path = userThought.md; sourceTree = "<group>"; };
		5948FD892B95EDFAB55589D8 /* NELoginQrCreate.swift */ = {isa = PBXFileReference; fileEncoding = 4; lastKnownFileType = sourcecode.swift; path = NELoginQrCreate.swift; sourceTree = "<group>"; };
		5948FE9BD0F024B3495CA442 /* userQrShow.swift */ = {isa = PBXFileReference; fileEncoding = 4; lastKnownFileType = sourcecode.swift; path = userQrShow.swift; sourceTree = "<group>"; };
		5948FF22AC4FB2EA9C0FE6D1 /* PlaybackSettingsView.swift */ = {isa = PBXFileReference; fileEncoding = 4; lastKnownFileType = sourcecode.swift; path = PlaybackSettingsView.swift; sourceTree = "<group>"; };
		5948FF59D1C679465758B9A5 /* userMainView.swift */ = {isa = PBXFileReference; fileEncoding = 4; lastKnownFileType = sourcecode.swift; path = userMainView.swift; sourceTree = "<group>"; };
		B579CFD52E00D2E800B1F047 /* MusicApi.framework */ = {isa = PBXFileReference; explicitFileType = wrapper.framework; includeInIndex = 0; path = MusicApi.framework; sourceTree = BUILT_PRODUCTS_DIR; };
		B579CFD72E00D2E800B1F047 /* MusicApi.h */ = {isa = PBXFileReference; lastKnownFileType = sourcecode.c.h; path = MusicApi.h; sourceTree = "<group>"; };
		B579CFE02E00D2FE00B1F047 /* MusicApiTest.app */ = {isa = PBXFileReference; explicitFileType = wrapper.application; includeInIndex = 0; path = MusicApiTest.app; sourceTree = BUILT_PRODUCTS_DIR; };
		B579CFE22E00D2FE00B1F047 /* AppDelegate.swift */ = {isa = PBXFileReference; lastKnownFileType = sourcecode.swift; path = AppDelegate.swift; sourceTree = "<group>"; };
		B579CFE42E00D2FE00B1F047 /* SceneDelegate.swift */ = {isa = PBXFileReference; lastKnownFileType = sourcecode.swift; path = SceneDelegate.swift; sourceTree = "<group>"; };
		B579CFE62E00D2FE00B1F047 /* ViewController.swift */ = {isa = PBXFileReference; lastKnownFileType = sourcecode.swift; path = ViewController.swift; sourceTree = "<group>"; };
		B579CFE92E00D2FE00B1F047 /* Base */ = {isa = PBXFileReference; lastKnownFileType = file.storyboard; name = Base; path = Base.lproj/Main.storyboard; sourceTree = "<group>"; };
		B579CFEB2E00D2FF00B1F047 /* Assets.xcassets */ = {isa = PBXFileReference; lastKnownFileType = folder.assetcatalog; path = Assets.xcassets; sourceTree = "<group>"; };
		B579CFEE2E00D2FF00B1F047 /* Base */ = {isa = PBXFileReference; lastKnownFileType = file.storyboard; name = Base; path = Base.lproj/LaunchScreen.storyboard; sourceTree = "<group>"; };
		B579CFF02E00D2FF00B1F047 /* Info.plist */ = {isa = PBXFileReference; lastKnownFileType = text.plist.xml; path = Info.plist; sourceTree = "<group>"; };
		B579CFF92E00D33300B1F047 /* TestApiConnect.swift */ = {isa = PBXFileReference; lastKnownFileType = sourcecode.swift; path = TestApiConnect.swift; sourceTree = "<group>"; };
		B579D0192E00D5C500B1F047 /* MusicApiTests.xctest */ = {isa = PBXFileReference; explicitFileType = wrapper.cfbundle; includeInIndex = 0; path = MusicApiTests.xctest; sourceTree = BUILT_PRODUCTS_DIR; };
		B579D01B2E00D5C500B1F047 /* MusicApiTests.swift */ = {isa = PBXFileReference; lastKnownFileType = sourcecode.swift; path = MusicApiTests.swift; sourceTree = "<group>"; };
		B58FBE042DFF388900A622E4 /* netmusic.app */ = {isa = PBXFileReference; explicitFileType = wrapper.application; includeInIndex = 0; path = netmusic.app; sourceTree = BUILT_PRODUCTS_DIR; };
		B58FBE802E009F1D00A622E4 /* router.swift */ = {isa = PBXFileReference; lastKnownFileType = sourcecode.swift; path = router.swift; sourceTree = "<group>"; };
		B58FBE822E009F1D00A622E4 /* history_favorite.swift */ = {isa = PBXFileReference; lastKnownFileType = sourcecode.swift; path = history_favorite.swift; sourceTree = "<group>"; };
		B58FBE842E009F1D00A622E4 /* home.swift */ = {isa = PBXFileReference; lastKnownFileType = sourcecode.swift; path = home.swift; sourceTree = "<group>"; };
		B58FBE862E009F1D00A622E4 /* list.swift */ = {isa = PBXFileReference; lastKnownFileType = sourcecode.swift; path = list.swift; sourceTree = "<group>"; };
		B58FBE882E009F1D00A622E4 /* search.swift */ = {isa = PBXFileReference; lastKnownFileType = sourcecode.swift; path = search.swift; sourceTree = "<group>"; };
		B58FBE8C2E009F1D00A622E4 /* song_detail.swift */ = {isa = PBXFileReference; lastKnownFileType = sourcecode.swift; path = song_detail.swift; sourceTree = "<group>"; };
		B58FBE8E2E009F1D00A622E4 /* user.swift */ = {isa = PBXFileReference; lastKnownFileType = sourcecode.swift; path = user.swift; sourceTree = "<group>"; };
		B58FBE912E009F1D00A622E4 /* Assets.xcassets */ = {isa = PBXFileReference; lastKnownFileType = folder.assetcatalog; path = Assets.xcassets; sourceTree = "<group>"; };
		B58FBE922E009F1D00A622E4 /* Info.plist */ = {isa = PBXFileReference; lastKnownFileType = text.plist.xml; path = Info.plist; sourceTree = "<group>"; };
		B58FBE932E009F1D00A622E4 /* netmusicApp.swift */ = {isa = PBXFileReference; lastKnownFileType = sourcecode.swift; path = netmusicApp.swift; sourceTree = "<group>"; };
		B596F9182E01F2F200CB2BCB /* SettingItemView.swift */ = {isa = PBXFileReference; lastKnownFileType = sourcecode.swift; path = SettingItemView.swift; sourceTree = "<group>"; };
		B596F91A2E01F31E00CB2BCB /* SettingsSection.swift */ = {isa = PBXFileReference; lastKnownFileType = sourcecode.swift; path = SettingsSection.swift; sourceTree = "<group>"; };
		B596F91C2E01F35D00CB2BCB /* BasicSettingsView.swift */ = {isa = PBXFileReference; lastKnownFileType = sourcecode.swift; path = BasicSettingsView.swift; sourceTree = "<group>"; };
		B596F91F2E01F39B00CB2BCB /* LocalizationManager.swift */ = {isa = PBXFileReference; lastKnownFileType = sourcecode.swift; path = LocalizationManager.swift; sourceTree = "<group>"; };
		B596F9212E01F3CE00CB2BCB /* Bundle+Localization.swift */ = {isa = PBXFileReference; lastKnownFileType = sourcecode.swift; path = "Bundle+Localization.swift"; sourceTree = "<group>"; };
		B596F9232E01F47B00CB2BCB /* SettingsView.swift */ = {isa = PBXFileReference; lastKnownFileType = sourcecode.swift; path = SettingsView.swift; sourceTree = "<group>"; };
		B596F9262E01F4E200CB2BCB /* en */ = {isa = PBXFileReference; lastKnownFileType = text.plist.strings; name = en; path = en.lproj/Localizable.strings; sourceTree = "<group>"; };
		B596F9282E01F51F00CB2BCB /* zh-Hans */ = {isa = PBXFileReference; lastKnownFileType = text.plist.strings; name = "zh-Hans"; path = "zh-Hans.lproj/Main.strings"; sourceTree = "<group>"; };
		B596F9292E01F51F00CB2BCB /* zh-Hans */ = {isa = PBXFileReference; lastKnownFileType = text.plist.strings; name = "zh-Hans"; path = "zh-Hans.lproj/LaunchScreen.strings"; sourceTree = "<group>"; };
		B596F92A2E01F51F00CB2BCB /* zh-Hans */ = {isa = PBXFileReference; lastKnownFileType = text.plist.strings; name = "zh-Hans"; path = "zh-Hans.lproj/Localizable.strings"; sourceTree = "<group>"; };
		B596F92B2E01F78000CB2BCB /* thought.md */ = {isa = PBXFileReference; lastKnownFileType = net.daringfireball.markdown; path = thought.md; sourceTree = "<group>"; };
/* End PBXFileReference section */

/* Begin PBXFrameworksBuildPhase section */
		B579CFD22E00D2E800B1F047 /* Frameworks */ = {
			isa = PBXFrameworksBuildPhase;
			buildActionMask = 2147483647;
			files = (
			);
			runOnlyForDeploymentPostprocessing = 0;
		};
		B579CFDD2E00D2FE00B1F047 /* Frameworks */ = {
			isa = PBXFrameworksBuildPhase;
			buildActionMask = 2147483647;
			files = (
				B579CFF42E00D31A00B1F047 /* MusicApi.framework in Frameworks */,
			);
			runOnlyForDeploymentPostprocessing = 0;
		};
		B579D0162E00D5C500B1F047 /* Frameworks */ = {
			isa = PBXFrameworksBuildPhase;
			buildActionMask = 2147483647;
			files = (
				B579D01D2E00D5C500B1F047 /* MusicApi.framework in Frameworks */,
			);
			runOnlyForDeploymentPostprocessing = 0;
		};
		B58FBE012DFF388900A622E4 /* Frameworks */ = {
			isa = PBXFrameworksBuildPhase;
			buildActionMask = 2147483647;
			files = (
			);
			runOnlyForDeploymentPostprocessing = 0;
		};
/* End PBXFrameworksBuildPhase section */

/* Begin PBXGroup section */
		5948F089D931A67F8A605D3B /* docs */ = {
			isa = PBXGroup;
			children = (
				5948F179B32ACD08ED6D718C /* themeIdeas.md */,
				5948F1DF6ED96E0D623BDD98 /* 代码规范.md */,
			);
			path = docs;
			sourceTree = "<group>";
		};
		5948F2FC1122C1612F370487 /* songs */ = {
			isa = PBXGroup;
			children = (
				5948F88D276182505BD216AE /* getPlayListAPI.swift */,
			);
			path = songs;
			sourceTree = "<group>";
		};
		5948F63423D271333B9DD854 /* NeteaseIOS */ = {
			isa = PBXGroup;
			children = (
			);
			path = NeteaseIOS;
			sourceTree = "<group>";
		};
		5948F743C587C1609F2DBEA9 /* main */ = {
			isa = PBXGroup;
			children = (
				5948FF59D1C679465758B9A5 /* userMainView.swift */,
			);
			path = main;
			sourceTree = "<group>";
		};
		5948F7BAE63C8027095ED034 /* NeteaseAndroid */ = {
			isa = PBXGroup;
			children = (
			);
			path = NeteaseAndroid;
			sourceTree = "<group>";
		};
		5948FA53F811BD173A0F7DF8 /* mockAPI */ = {
			isa = PBXGroup;
			children = (
				5948FF3107063D8D63E29342 /* user */,
				5948F2FC1122C1612F370487 /* songs */,
				5948F848C24C57E27B6BA130 /* apiModels.swift */,
			);
			path = mockAPI;
			sourceTree = "<group>";
		};
		5948FAF3EDDFCBE9517436C6 /* Apple */ = {
			isa = PBXGroup;
			children = (
			);
			path = Apple;
			sourceTree = "<group>";
		};
		5948FC78B2B2D60969F01648 /* Modules */ = {
			isa = PBXGroup;
			children = (
			);
			path = Modules;
			sourceTree = "<group>";
		};
		5948FCB5D4F21C01B30DA5F8 /* NeteaseDarwin */ = {
			isa = PBXGroup;
			children = (
			);
			path = NeteaseDarwin;
			sourceTree = "<group>";
		};
		5948FCC5151EC9CD3742C6B5 /* Netease */ = {
			isa = PBXGroup;
			children = (
				5948FB847A4AB0B0CC4B9531 /* NELogin.swift */,
				5948F36C38BF5165B4CEBCF9 /* NELoginPhone.swift */,
				5948F69696D141F6FD6C05DE /* NELoginQrChk.swift */,
				5948FD892B95EDFAB55589D8 /* NELoginQrCreate.swift */,
				5948FB41215087CD316E359F /* NELoginQrKey.swift */,
			);
			path = Netease;
			sourceTree = "<group>";
		};
		5948FE1AF4EB38E4E485FFE6 /* login */ = {
			isa = PBXGroup;
			children = (
				5948FC596535618AAB70B9BA /* userCellPhoneShow.swift */,
				5948FE9BD0F024B3495CA442 /* userQrShow.swift */,
				5948F1E9900FF92F87437802 /* AuthenticationManager.swift */,
			);
			path = login;
			sourceTree = "<group>";
		};
		5948FF3107063D8D63E29342 /* user */ = {
			isa = PBXGroup;
			children = (
				5948F79C45FAE70E0A25B7EC /* loginAPI.swift */,
				5948F5C035A8376E65EACFA5 /* userAPI.swift */,
			);
			path = user;
			sourceTree = "<group>";
		};
		5948FF8831A9242E19A40CDA /* NeteaseWin */ = {
			isa = PBXGroup;
			children = (
			);
			path = NeteaseWin;
			sourceTree = "<group>";
		};
		B579CFA42E00C64F00B1F047 /* Frameworks */ = {
			isa = PBXGroup;
			children = (
			);
			name = Frameworks;
			sourceTree = "<group>";
		};
		B579CFD62E00D2E800B1F047 /* MusicApi */ = {
			isa = PBXGroup;
			children = (
				B579CFD72E00D2E800B1F047 /* MusicApi.h */,
				B579CFF92E00D33300B1F047 /* TestApiConnect.swift */,
				5948FAF3EDDFCBE9517436C6 /* Apple */,
				5948FCC5151EC9CD3742C6B5 /* Netease */,
				5948FC78B2B2D60969F01648 /* Modules */,
				5948F7BAE63C8027095ED034 /* NeteaseAndroid */,
				5948F63423D271333B9DD854 /* NeteaseIOS */,
				5948FF8831A9242E19A40CDA /* NeteaseWin */,
				5948FCB5D4F21C01B30DA5F8 /* NeteaseDarwin */,
			);
			path = MusicApi;
			sourceTree = "<group>";
		};
		B579CFE12E00D2FE00B1F047 /* MusicApiTest */ = {
			isa = PBXGroup;
			children = (
				B579CFE22E00D2FE00B1F047 /* AppDelegate.swift */,
				B579CFE42E00D2FE00B1F047 /* SceneDelegate.swift */,
				B579CFE62E00D2FE00B1F047 /* ViewController.swift */,
				B579CFE82E00D2FE00B1F047 /* Main.storyboard */,
				B579CFEB2E00D2FF00B1F047 /* Assets.xcassets */,
				B579CFED2E00D2FF00B1F047 /* LaunchScreen.storyboard */,
				B579CFF02E00D2FF00B1F047 /* Info.plist */,
			);
			path = MusicApiTest;
			sourceTree = "<group>";
		};
		B579D01A2E00D5C500B1F047 /* MusicApiTests */ = {
			isa = PBXGroup;
			children = (
				B579D01B2E00D5C500B1F047 /* MusicApiTests.swift */,
			);
			path = MusicApiTests;
			sourceTree = "<group>";
		};
		B58FBDFB2DFF388900A622E4 = {
			isa = PBXGroup;
			children = (
				B58FBE942E009F1D00A622E4 /* netmusic */,
				B579CFD62E00D2E800B1F047 /* MusicApi */,
				B579CFE12E00D2FE00B1F047 /* MusicApiTest */,
				B579D01A2E00D5C500B1F047 /* MusicApiTests */,
				B58FBE052DFF388900A622E4 /* Products */,
				B579CFA42E00C64F00B1F047 /* Frameworks */,
			);
			sourceTree = "<group>";
		};
		B58FBE052DFF388900A622E4 /* Products */ = {
			isa = PBXGroup;
			children = (
				B58FBE042DFF388900A622E4 /* netmusic.app */,
				B579CFD52E00D2E800B1F047 /* MusicApi.framework */,
				B579CFE02E00D2FE00B1F047 /* MusicApiTest.app */,
				B579D0192E00D5C500B1F047 /* MusicApiTests.xctest */,
			);
			name = Products;
			sourceTree = "<group>";
		};
		B58FBE812E009F1D00A622E4 /* router */ = {
			isa = PBXGroup;
			children = (
				B58FBE802E009F1D00A622E4 /* router.swift */,
			);
			path = router;
			sourceTree = "<group>";
		};
		B58FBE832E009F1D00A622E4 /* history_favorite */ = {
			isa = PBXGroup;
			children = (
				B58FBE822E009F1D00A622E4 /* history_favorite.swift */,
			);
			path = history_favorite;
			sourceTree = "<group>";
		};
		B58FBE852E009F1D00A622E4 /* home */ = {
			isa = PBXGroup;
			children = (
				B58FBE842E009F1D00A622E4 /* home.swift */,
			);
			path = home;
			sourceTree = "<group>";
		};
		B58FBE872E009F1D00A622E4 /* List */ = {
			isa = PBXGroup;
			children = (
				B58FBE862E009F1D00A622E4 /* list.swift */,
			);
			path = List;
			sourceTree = "<group>";
		};
		B58FBE892E009F1D00A622E4 /* search */ = {
			isa = PBXGroup;
			children = (
				B58FBE882E009F1D00A622E4 /* search.swift */,
			);
			path = search;
			sourceTree = "<group>";
		};
		B58FBE8B2E009F1D00A622E4 /* setting */ = {
			isa = PBXGroup;
			children = (
				B596F92B2E01F78000CB2BCB /* thought.md */,
				B596F9232E01F47B00CB2BCB /* SettingsView.swift */,
				B596F9182E01F2F200CB2BCB /* SettingItemView.swift */,
				B596F91A2E01F31E00CB2BCB /* SettingsSection.swift */,
				B596F91C2E01F35D00CB2BCB /* BasicSettingsView.swift */,
				5948FF22AC4FB2EA9C0FE6D1 /* PlaybackSettingsView.swift */,
			);
			path = setting;
			sourceTree = "<group>";
		};
		B58FBE8D2E009F1D00A622E4 /* songdetail */ = {
			isa = PBXGroup;
			children = (
				B58FBE8C2E009F1D00A622E4 /* song_detail.swift */,
			);
			path = songdetail;
			sourceTree = "<group>";
		};
		B58FBE8F2E009F1D00A622E4 /* user */ = {
			isa = PBXGroup;
			children = (
				B58FBE8E2E009F1D00A622E4 /* user.swift */,
				5948FC73D4F44EAD928F684D /* userThought.md */,
				5948FE1AF4EB38E4E485FFE6 /* login */,
				5948F743C587C1609F2DBEA9 /* main */,
			);
			path = user;
			sourceTree = "<group>";
		};
		B58FBE902E009F1D00A622E4 /* views */ = {
			isa = PBXGroup;
			children = (
				B58FBE832E009F1D00A622E4 /* history_favorite */,
				B58FBE852E009F1D00A622E4 /* home */,
				B58FBE872E009F1D00A622E4 /* List */,
				B58FBE892E009F1D00A622E4 /* search */,
				B58FBE8B2E009F1D00A622E4 /* setting */,
				B58FBE8D2E009F1D00A622E4 /* songdetail */,
				B58FBE8F2E009F1D00A622E4 /* user */,
			);
			path = views;
			sourceTree = "<group>";
		};
		B58FBE942E009F1D00A622E4 /* netmusic */ = {
			isa = PBXGroup;
			children = (
				B596F91E2E01F38F00CB2BCB /* i18n */,
				B58FBE812E009F1D00A622E4 /* router */,
				B58FBE902E009F1D00A622E4 /* views */,
				B58FBE912E009F1D00A622E4 /* Assets.xcassets */,
				B58FBE922E009F1D00A622E4 /* Info.plist */,
				B58FBE932E009F1D00A622E4 /* netmusicApp.swift */,
				5948FA53F811BD173A0F7DF8 /* mockAPI */,
				5948F089D931A67F8A605D3B /* docs */,
			);
			path = netmusic;
			sourceTree = "<group>";
		};
		B596F91E2E01F38F00CB2BCB /* i18n */ = {
			isa = PBXGroup;
			children = (
				B596F9212E01F3CE00CB2BCB /* Bundle+Localization.swift */,
				B596F91F2E01F39B00CB2BCB /* LocalizationManager.swift */,
				B596F9252E01F4E200CB2BCB /* Localizable.strings */,
			);
			path = i18n;
			sourceTree = "<group>";
		};
/* End PBXGroup section */

/* Begin PBXHeadersBuildPhase section */
		B579CFD02E00D2E800B1F047 /* Headers */ = {
			isa = PBXHeadersBuildPhase;
			buildActionMask = 2147483647;
			files = (
				B579CFD82E00D2E800B1F047 /* MusicApi.h in Headers */,
			);
			runOnlyForDeploymentPostprocessing = 0;
		};
/* End PBXHeadersBuildPhase section */

/* Begin PBXNativeTarget section */
		B579CFD42E00D2E800B1F047 /* MusicApi */ = {
			isa = PBXNativeTarget;
			buildConfigurationList = B579CFD92E00D2E800B1F047 /* Build configuration list for PBXNativeTarget "MusicApi" */;
			buildPhases = (
				B579CFD02E00D2E800B1F047 /* Headers */,
				B579CFD12E00D2E800B1F047 /* Sources */,
				B579CFD22E00D2E800B1F047 /* Frameworks */,
				B579CFD32E00D2E800B1F047 /* Resources */,
			);
			buildRules = (
			);
			dependencies = (
			);
			name = MusicApi;
			productName = MusicApi;
			productReference = B579CFD52E00D2E800B1F047 /* MusicApi.framework */;
			productType = "com.apple.product-type.framework";
		};
		B579CFDF2E00D2FE00B1F047 /* MusicApiTest */ = {
			isa = PBXNativeTarget;
			buildConfigurationList = B579CFF12E00D2FF00B1F047 /* Build configuration list for PBXNativeTarget "MusicApiTest" */;
			buildPhases = (
				B579CFDC2E00D2FE00B1F047 /* Sources */,
				B579CFDD2E00D2FE00B1F047 /* Frameworks */,
				B579CFDE2E00D2FE00B1F047 /* Resources */,
				B579CFF82E00D31A00B1F047 /* Embed Frameworks */,
			);
			buildRules = (
			);
			dependencies = (
				B579CFF72E00D31A00B1F047 /* PBXTargetDependency */,
			);
			name = MusicApiTest;
			productName = MusicApiTest;
			productReference = B579CFE02E00D2FE00B1F047 /* MusicApiTest.app */;
			productType = "com.apple.product-type.application";
		};
		B579D0182E00D5C500B1F047 /* MusicApiTests */ = {
			isa = PBXNativeTarget;
			buildConfigurationList = B579D0202E00D5C500B1F047 /* Build configuration list for PBXNativeTarget "MusicApiTests" */;
			buildPhases = (
				B579D0152E00D5C500B1F047 /* Sources */,
				B579D0162E00D5C500B1F047 /* Frameworks */,
				B579D0172E00D5C500B1F047 /* Resources */,
			);
			buildRules = (
			);
			dependencies = (
				B579D01F2E00D5C500B1F047 /* PBXTargetDependency */,
			);
			name = MusicApiTests;
			productName = MusicApiTests;
			productReference = B579D0192E00D5C500B1F047 /* MusicApiTests.xctest */;
			productType = "com.apple.product-type.bundle.unit-test";
		};
		B58FBE032DFF388900A622E4 /* netmusic */ = {
			isa = PBXNativeTarget;
			buildConfigurationList = B58FBE252DFF388A00A622E4 /* Build configuration list for PBXNativeTarget "netmusic" */;
			buildPhases = (
				B58FBE002DFF388900A622E4 /* Sources */,
				B58FBE012DFF388900A622E4 /* Frameworks */,
				B58FBE022DFF388900A622E4 /* Resources */,
				B5920E8A2E00B46800612161 /* Embed Frameworks */,
			);
			buildRules = (
			);
			dependencies = (
			);
			name = netmusic;
			packageProductDependencies = (
			);
			productName = netmusic;
			productReference = B58FBE042DFF388900A622E4 /* netmusic.app */;
			productType = "com.apple.product-type.application";
		};
/* End PBXNativeTarget section */

/* Begin PBXProject section */
		B58FBDFC2DFF388900A622E4 /* Project object */ = {
			isa = PBXProject;
			attributes = {
				BuildIndependentTargetsInParallel = 1;
				LastSwiftUpdateCheck = 1430;
				LastUpgradeCheck = 1430;
				TargetAttributes = {
					B579CFD42E00D2E800B1F047 = {
						CreatedOnToolsVersion = 14.3.1;
						LastSwiftMigration = 1430;
					};
					B579CFDF2E00D2FE00B1F047 = {
						CreatedOnToolsVersion = 14.3.1;
					};
					B579D0182E00D5C500B1F047 = {
						CreatedOnToolsVersion = 14.3.1;
					};
					B58FBE032DFF388900A622E4 = {
						CreatedOnToolsVersion = 16.4;
					};
				};
			};
			buildConfigurationList = B58FBDFF2DFF388900A622E4 /* Build configuration list for PBXProject "netmusic" */;
			compatibilityVersion = "Xcode 14.0";
			developmentRegion = en;
			hasScannedForEncodings = 0;
			knownRegions = (
				en,
				Base,
				"zh-Hans",
			);
			mainGroup = B58FBDFB2DFF388900A622E4;
			productRefGroup = B58FBE052DFF388900A622E4 /* Products */;
			projectDirPath = "";
			projectRoot = "";
			targets = (
				B58FBE032DFF388900A622E4 /* netmusic */,
				B579CFD42E00D2E800B1F047 /* MusicApi */,
				B579CFDF2E00D2FE00B1F047 /* MusicApiTest */,
				B579D0182E00D5C500B1F047 /* MusicApiTests */,
			);
		};
/* End PBXProject section */

/* Begin PBXResourcesBuildPhase section */
		B579CFD32E00D2E800B1F047 /* Resources */ = {
			isa = PBXResourcesBuildPhase;
			buildActionMask = 2147483647;
			files = (
			);
			runOnlyForDeploymentPostprocessing = 0;
		};
		B579CFDE2E00D2FE00B1F047 /* Resources */ = {
			isa = PBXResourcesBuildPhase;
			buildActionMask = 2147483647;
			files = (
				B579CFEF2E00D2FF00B1F047 /* LaunchScreen.storyboard in Resources */,
				B579CFEC2E00D2FF00B1F047 /* Assets.xcassets in Resources */,
				B579CFEA2E00D2FE00B1F047 /* Main.storyboard in Resources */,
			);
			runOnlyForDeploymentPostprocessing = 0;
		};
		B579D0172E00D5C500B1F047 /* Resources */ = {
			isa = PBXResourcesBuildPhase;
			buildActionMask = 2147483647;
			files = (
			);
			runOnlyForDeploymentPostprocessing = 0;
		};
		B58FBE022DFF388900A622E4 /* Resources */ = {
			isa = PBXResourcesBuildPhase;
			buildActionMask = 2147483647;
			files = (
				B596F92C2E01F78600CB2BCB /* thought.md in Resources */,
				B58FBE952E009F1D00A622E4 /* Assets.xcassets in Resources */,
				B596F9272E01F4E200CB2BCB /* Localizable.strings in Resources */,
			);
			runOnlyForDeploymentPostprocessing = 0;
		};
/* End PBXResourcesBuildPhase section */

/* Begin PBXSourcesBuildPhase section */
		B579CFD12E00D2E800B1F047 /* Sources */ = {
			isa = PBXSourcesBuildPhase;
			buildActionMask = 2147483647;
			files = (
				B579CFFA2E00D33300B1F047 /* TestApiConnect.swift in Sources */,
				5948F0C3632A4560F01C20D9 /* NELogin.swift in Sources */,
				5948F49B4361D9683707AE8A /* NELoginPhone.swift in Sources */,
				5948FAC90B197DE05CDBDA83 /* NELoginQrChk.swift in Sources */,
				5948FF5CE8555154D014FD49 /* NELoginQrCreate.swift in Sources */,
				5948F62E960BB4694F3B14E2 /* NELoginQrKey.swift in Sources */,
				5948FA0D29F01E2546459D14 /* userThought.md in Sources */,
				5948F139AC2B7BE3CA48DCE3 /* userQrShow.swift in Sources */,
				5948FDF4EC6247040C8E2B1A /* userMainView.swift in Sources */,
			);
			runOnlyForDeploymentPostprocessing = 0;
		};
		B579CFDC2E00D2FE00B1F047 /* Sources */ = {
			isa = PBXSourcesBuildPhase;
			buildActionMask = 2147483647;
			files = (
				B579CFE72E00D2FE00B1F047 /* ViewController.swift in Sources */,
				B579CFE32E00D2FE00B1F047 /* AppDelegate.swift in Sources */,
				B579CFE52E00D2FE00B1F047 /* SceneDelegate.swift in Sources */,
			);
			runOnlyForDeploymentPostprocessing = 0;
		};
		B579D0152E00D5C500B1F047 /* Sources */ = {
			isa = PBXSourcesBuildPhase;
			buildActionMask = 2147483647;
			files = (
				B579D01C2E00D5C500B1F047 /* MusicApiTests.swift in Sources */,
			);
			runOnlyForDeploymentPostprocessing = 0;
		};
		B58FBE002DFF388900A622E4 /* Sources */ = {
			isa = PBXSourcesBuildPhase;
			buildActionMask = 2147483647;
			files = (
				B58FBE972E009F1D00A622E4 /* router.swift in Sources */,
				B58FBE982E009F1D00A622E4 /* history_favorite.swift in Sources */,
				B58FBE992E009F1D00A622E4 /* home.swift in Sources */,
				B596F91B2E01F31E00CB2BCB /* SettingsSection.swift in Sources */,
				B596F9202E01F3AC00CB2BCB /* LocalizationManager.swift in Sources */,
				B596F91D2E01F35D00CB2BCB /* BasicSettingsView.swift in Sources */,
				B58FBE9A2E009F1D00A622E4 /* list.swift in Sources */,
				B596F9242E01F47B00CB2BCB /* SettingsView.swift in Sources */,
				B58FBE9B2E009F1D00A622E4 /* search.swift in Sources */,
				B596F9192E01F2F200CB2BCB /* SettingItemView.swift in Sources */,
				B58FBE9D2E009F1D00A622E4 /* song_detail.swift in Sources */,
				B58FBE9E2E009F1D00A622E4 /* user.swift in Sources */,
				B596F9222E01F3CF00CB2BCB /* Bundle+Localization.swift in Sources */,
				B58FBE9F2E009F1D00A622E4 /* netmusicApp.swift in Sources */,
				5948FEFE77B19AFCDF1A80A5 /* PlaybackSettingsView.swift in Sources */,
				5948FFA5A7AE587950030173 /* userThought.md in Sources */,
				5948FB502567D8DBFEBA4CAD /* loginAPI.swift in Sources */,
				5948F4EC6D37836D2B1BADFE /* userAPI.swift in Sources */,
				5948F45CF98269FAD70863D9 /* userCellPhoneShow.swift in Sources */,
				5948F81AE9F9F5BE7E767704 /* userQrShow.swift in Sources */,
				5948F093668E89953B101ADA /* AuthenticationManager.swift in Sources */,
				5948F01619A290A47F9C37ED /* getPlayListAPI.swift in Sources */,
				5948FF030693350CC26616E2 /* apiModels.swift in Sources */,
				5948F8CC30C6537CA558D11D /* userMainView.swift in Sources */,
				5948F0D035CA5580455CEA31 /* themeIdeas.md in Sources */,
				5948FB7812D4CD79D77FC958 /* 代码规范.md in Sources */,
			);
			runOnlyForDeploymentPostprocessing = 0;
		};
/* End PBXSourcesBuildPhase section */

/* Begin PBXTargetDependency section */
		B579CFF72E00D31A00B1F047 /* PBXTargetDependency */ = {
			isa = PBXTargetDependency;
			target = B579CFD42E00D2E800B1F047 /* MusicApi */;
			targetProxy = B579CFF62E00D31A00B1F047 /* PBXContainerItemProxy */;
		};
		B579D01F2E00D5C500B1F047 /* PBXTargetDependency */ = {
			isa = PBXTargetDependency;
			platformFilter = ios;
			target = B579CFD42E00D2E800B1F047 /* MusicApi */;
			targetProxy = B579D01E2E00D5C500B1F047 /* PBXContainerItemProxy */;
		};
/* End PBXTargetDependency section */

/* Begin PBXVariantGroup section */
		B579CFE82E00D2FE00B1F047 /* Main.storyboard */ = {
			isa = PBXVariantGroup;
			children = (
				B579CFE92E00D2FE00B1F047 /* Base */,
				B596F9282E01F51F00CB2BCB /* zh-Hans */,
			);
			name = Main.storyboard;
			sourceTree = "<group>";
		};
		B579CFED2E00D2FF00B1F047 /* LaunchScreen.storyboard */ = {
			isa = PBXVariantGroup;
			children = (
				B579CFEE2E00D2FF00B1F047 /* Base */,
				B596F9292E01F51F00CB2BCB /* zh-Hans */,
			);
			name = LaunchScreen.storyboard;
			sourceTree = "<group>";
		};
		B596F9252E01F4E200CB2BCB /* Localizable.strings */ = {
			isa = PBXVariantGroup;
			children = (
				B596F9262E01F4E200CB2BCB /* en */,
				B596F92A2E01F51F00CB2BCB /* zh-Hans */,
			);
			name = Localizable.strings;
			sourceTree = "<group>";
		};
/* End PBXVariantGroup section */

/* Begin XCBuildConfiguration section */
		B579CFDA2E00D2E800B1F047 /* Debug */ = {
			isa = XCBuildConfiguration;
			buildSettings = {
				CLANG_ENABLE_MODULES = YES;
				CODE_SIGN_STYLE = Automatic;
				CURRENT_PROJECT_VERSION = 1;
				DEFINES_MODULE = YES;
				DYLIB_COMPATIBILITY_VERSION = 1;
				DYLIB_CURRENT_VERSION = 1;
				DYLIB_INSTALL_NAME_BASE = "@rpath";
				ENABLE_MODULE_VERIFIER = YES;
				GCC_C_LANGUAGE_STANDARD = gnu11;
				GENERATE_INFOPLIST_FILE = YES;
				INFOPLIST_KEY_NSHumanReadableCopyright = "";
				INSTALL_PATH = "$(LOCAL_LIBRARY_DIR)/Frameworks";
				IPHONEOS_DEPLOYMENT_TARGET = 15.6;
				LD_RUNPATH_SEARCH_PATHS = (
					"$(inherited)",
					"@executable_path/Frameworks",
					"@loader_path/Frameworks",
				);
				MARKETING_VERSION = 1.0;
				MODULE_VERIFIER_SUPPORTED_LANGUAGES = "objective-c objective-c++";
				MODULE_VERIFIER_SUPPORTED_LANGUAGE_STANDARDS = "gnu11 gnu++20";
				PRODUCT_BUNDLE_IDENTIFIER = BemlyAv86Happy.MusicApi;
				PRODUCT_NAME = "$(TARGET_NAME:c99extidentifier)";
				SKIP_INSTALL = YES;
				SUPPORTED_PLATFORMS = "iphoneos iphonesimulator";
				SUPPORTS_MACCATALYST = NO;
				SUPPORTS_MAC_DESIGNED_FOR_IPHONE_IPAD = YES;
				SWIFT_ACTIVE_COMPILATION_CONDITIONS = DEBUG;
				SWIFT_EMIT_LOC_STRINGS = YES;
				SWIFT_OPTIMIZATION_LEVEL = "-Onone";
				SWIFT_VERSION = 5.0;
				TARGETED_DEVICE_FAMILY = "1,2";
				VERSIONING_SYSTEM = "apple-generic";
				VERSION_INFO_PREFIX = "";
			};
			name = Debug;
		};
		B579CFDB2E00D2E800B1F047 /* Release */ = {
			isa = XCBuildConfiguration;
			buildSettings = {
				CLANG_ENABLE_MODULES = YES;
				CODE_SIGN_STYLE = Automatic;
				CURRENT_PROJECT_VERSION = 1;
				DEFINES_MODULE = YES;
				DYLIB_COMPATIBILITY_VERSION = 1;
				DYLIB_CURRENT_VERSION = 1;
				DYLIB_INSTALL_NAME_BASE = "@rpath";
				ENABLE_MODULE_VERIFIER = YES;
				GCC_C_LANGUAGE_STANDARD = gnu11;
				GENERATE_INFOPLIST_FILE = YES;
				INFOPLIST_KEY_NSHumanReadableCopyright = "";
				INSTALL_PATH = "$(LOCAL_LIBRARY_DIR)/Frameworks";
				IPHONEOS_DEPLOYMENT_TARGET = 15.6;
				LD_RUNPATH_SEARCH_PATHS = (
					"$(inherited)",
					"@executable_path/Frameworks",
					"@loader_path/Frameworks",
				);
				MARKETING_VERSION = 1.0;
				MODULE_VERIFIER_SUPPORTED_LANGUAGES = "objective-c objective-c++";
				MODULE_VERIFIER_SUPPORTED_LANGUAGE_STANDARDS = "gnu11 gnu++20";
				PRODUCT_BUNDLE_IDENTIFIER = BemlyAv86Happy.MusicApi;
				PRODUCT_NAME = "$(TARGET_NAME:c99extidentifier)";
				SKIP_INSTALL = YES;
				SUPPORTED_PLATFORMS = "iphoneos iphonesimulator";
				SUPPORTS_MACCATALYST = NO;
				SUPPORTS_MAC_DESIGNED_FOR_IPHONE_IPAD = YES;
				SWIFT_EMIT_LOC_STRINGS = YES;
				SWIFT_OPTIMIZATION_LEVEL = "-O";
				SWIFT_VERSION = 5.0;
				TARGETED_DEVICE_FAMILY = "1,2";
				VERSIONING_SYSTEM = "apple-generic";
				VERSION_INFO_PREFIX = "";
			};
			name = Release;
		};
		B579CFF22E00D2FF00B1F047 /* Debug */ = {
			isa = XCBuildConfiguration;
			buildSettings = {
				ALWAYS_EMBED_SWIFT_STANDARD_LIBRARIES = YES;
				ASSETCATALOG_COMPILER_APPICON_NAME = AppIcon;
				ASSETCATALOG_COMPILER_GLOBAL_ACCENT_COLOR_NAME = AccentColor;
				CODE_SIGN_STYLE = Automatic;
				CURRENT_PROJECT_VERSION = 1;
				GCC_C_LANGUAGE_STANDARD = gnu11;
				GENERATE_INFOPLIST_FILE = YES;
				INFOPLIST_FILE = MusicApiTest/Info.plist;
				INFOPLIST_KEY_UIApplicationSupportsIndirectInputEvents = YES;
				INFOPLIST_KEY_UILaunchStoryboardName = LaunchScreen;
				INFOPLIST_KEY_UIMainStoryboardFile = Main;
				INFOPLIST_KEY_UISupportedInterfaceOrientations_iPad = "UIInterfaceOrientationPortrait UIInterfaceOrientationPortraitUpsideDown UIInterfaceOrientationLandscapeLeft UIInterfaceOrientationLandscapeRight";
				INFOPLIST_KEY_UISupportedInterfaceOrientations_iPhone = "UIInterfaceOrientationPortrait UIInterfaceOrientationLandscapeLeft UIInterfaceOrientationLandscapeRight";
				IPHONEOS_DEPLOYMENT_TARGET = 15.6;
				LD_RUNPATH_SEARCH_PATHS = (
					"$(inherited)",
					"@executable_path/Frameworks",
				);
				MARKETING_VERSION = 1.0;
				PRODUCT_BUNDLE_IDENTIFIER = BemlyAv86Happy.MusicApiTest;
				PRODUCT_NAME = "$(TARGET_NAME)";
				SWIFT_ACTIVE_COMPILATION_CONDITIONS = DEBUG;
				SWIFT_EMIT_LOC_STRINGS = YES;
				SWIFT_VERSION = 5.0;
				TARGETED_DEVICE_FAMILY = "1,2";
			};
			name = Debug;
		};
		B579CFF32E00D2FF00B1F047 /* Release */ = {
			isa = XCBuildConfiguration;
			buildSettings = {
				ALWAYS_EMBED_SWIFT_STANDARD_LIBRARIES = YES;
				ASSETCATALOG_COMPILER_APPICON_NAME = AppIcon;
				ASSETCATALOG_COMPILER_GLOBAL_ACCENT_COLOR_NAME = AccentColor;
				CODE_SIGN_STYLE = Automatic;
				CURRENT_PROJECT_VERSION = 1;
				GCC_C_LANGUAGE_STANDARD = gnu11;
				GENERATE_INFOPLIST_FILE = YES;
				INFOPLIST_FILE = MusicApiTest/Info.plist;
				INFOPLIST_KEY_UIApplicationSupportsIndirectInputEvents = YES;
				INFOPLIST_KEY_UILaunchStoryboardName = LaunchScreen;
				INFOPLIST_KEY_UIMainStoryboardFile = Main;
				INFOPLIST_KEY_UISupportedInterfaceOrientations_iPad = "UIInterfaceOrientationPortrait UIInterfaceOrientationPortraitUpsideDown UIInterfaceOrientationLandscapeLeft UIInterfaceOrientationLandscapeRight";
				INFOPLIST_KEY_UISupportedInterfaceOrientations_iPhone = "UIInterfaceOrientationPortrait UIInterfaceOrientationLandscapeLeft UIInterfaceOrientationLandscapeRight";
				IPHONEOS_DEPLOYMENT_TARGET = 15.6;
				LD_RUNPATH_SEARCH_PATHS = (
					"$(inherited)",
					"@executable_path/Frameworks",
				);
				MARKETING_VERSION = 1.0;
				PRODUCT_BUNDLE_IDENTIFIER = BemlyAv86Happy.MusicApiTest;
				PRODUCT_NAME = "$(TARGET_NAME)";
				SWIFT_EMIT_LOC_STRINGS = YES;
				SWIFT_OPTIMIZATION_LEVEL = "-O";
				SWIFT_VERSION = 5.0;
				TARGETED_DEVICE_FAMILY = "1,2";
			};
			name = Release;
		};
		B579D0212E00D5C500B1F047 /* Debug */ = {
			isa = XCBuildConfiguration;
			buildSettings = {
				CODE_SIGN_STYLE = Automatic;
				CURRENT_PROJECT_VERSION = 1;
				GCC_C_LANGUAGE_STANDARD = gnu11;
				GENERATE_INFOPLIST_FILE = YES;
				IPHONEOS_DEPLOYMENT_TARGET = 16.4;
				MARKETING_VERSION = 1.0;
				PRODUCT_BUNDLE_IDENTIFIER = BemlyAv86Happy.MusicApiTests;
				PRODUCT_NAME = "$(TARGET_NAME)";
				SWIFT_ACTIVE_COMPILATION_CONDITIONS = DEBUG;
				SWIFT_EMIT_LOC_STRINGS = NO;
				SWIFT_VERSION = 5.0;
				TARGETED_DEVICE_FAMILY = "1,2";
			};
			name = Debug;
		};
		B579D0222E00D5C500B1F047 /* Release */ = {
			isa = XCBuildConfiguration;
			buildSettings = {
				CODE_SIGN_STYLE = Automatic;
				CURRENT_PROJECT_VERSION = 1;
				GCC_C_LANGUAGE_STANDARD = gnu11;
				GENERATE_INFOPLIST_FILE = YES;
				IPHONEOS_DEPLOYMENT_TARGET = 16.4;
				MARKETING_VERSION = 1.0;
				PRODUCT_BUNDLE_IDENTIFIER = BemlyAv86Happy.MusicApiTests;
				PRODUCT_NAME = "$(TARGET_NAME)";
				SWIFT_EMIT_LOC_STRINGS = NO;
				SWIFT_OPTIMIZATION_LEVEL = "-O";
				SWIFT_VERSION = 5.0;
				TARGETED_DEVICE_FAMILY = "1,2";
			};
			name = Release;
		};
		B58FBE232DFF388A00A622E4 /* Debug */ = {
			isa = XCBuildConfiguration;
			buildSettings = {
				ALWAYS_SEARCH_USER_PATHS = NO;
				ASSETCATALOG_COMPILER_GENERATE_SWIFT_ASSET_SYMBOL_EXTENSIONS = YES;
				CLANG_ANALYZER_LOCALIZABILITY_NONLOCALIZED = YES;
				CLANG_ANALYZER_NONNULL = YES;
				CLANG_ANALYZER_NUMBER_OBJECT_CONVERSION = YES_AGGRESSIVE;
				CLANG_CXX_LANGUAGE_STANDARD = "gnu++20";
				CLANG_ENABLE_MODULES = YES;
				CLANG_ENABLE_OBJC_ARC = YES;
				CLANG_ENABLE_OBJC_WEAK = YES;
				CLANG_WARN_BLOCK_CAPTURE_AUTORELEASING = YES;
				CLANG_WARN_BOOL_CONVERSION = YES;
				CLANG_WARN_COMMA = YES;
				CLANG_WARN_CONSTANT_CONVERSION = YES;
				CLANG_WARN_DEPRECATED_OBJC_IMPLEMENTATIONS = YES;
				CLANG_WARN_DIRECT_OBJC_ISA_USAGE = YES_ERROR;
				CLANG_WARN_DOCUMENTATION_COMMENTS = YES;
				CLANG_WARN_EMPTY_BODY = YES;
				CLANG_WARN_ENUM_CONVERSION = YES;
				CLANG_WARN_INFINITE_RECURSION = YES;
				CLANG_WARN_INT_CONVERSION = YES;
				CLANG_WARN_NON_LITERAL_NULL_CONVERSION = YES;
				CLANG_WARN_OBJC_IMPLICIT_RETAIN_SELF = YES;
				CLANG_WARN_OBJC_LITERAL_CONVERSION = YES;
				CLANG_WARN_OBJC_ROOT_CLASS = YES_ERROR;
				CLANG_WARN_QUOTED_INCLUDE_IN_FRAMEWORK_HEADER = YES;
				CLANG_WARN_RANGE_LOOP_ANALYSIS = YES;
				CLANG_WARN_STRICT_PROTOTYPES = YES;
				CLANG_WARN_SUSPICIOUS_MOVE = YES;
				CLANG_WARN_UNGUARDED_AVAILABILITY = YES_AGGRESSIVE;
				CLANG_WARN_UNREACHABLE_CODE = YES;
				CLANG_WARN__DUPLICATE_METHOD_MATCH = YES;
				COPY_PHASE_STRIP = NO;
				DEBUG_INFORMATION_FORMAT = dwarf;
				ENABLE_STRICT_OBJC_MSGSEND = YES;
				ENABLE_TESTABILITY = YES;
				ENABLE_USER_SCRIPT_SANDBOXING = YES;
				GCC_C_LANGUAGE_STANDARD = gnu17;
				GCC_DYNAMIC_NO_PIC = NO;
				GCC_NO_COMMON_BLOCKS = YES;
				GCC_OPTIMIZATION_LEVEL = 0;
				GCC_PREPROCESSOR_DEFINITIONS = (
					"DEBUG=1",
					"$(inherited)",
				);
				GCC_WARN_64_TO_32_BIT_CONVERSION = YES;
				GCC_WARN_ABOUT_RETURN_TYPE = YES_ERROR;
				GCC_WARN_UNDECLARED_SELECTOR = YES;
				GCC_WARN_UNINITIALIZED_AUTOS = YES_AGGRESSIVE;
				GCC_WARN_UNUSED_FUNCTION = YES;
				GCC_WARN_UNUSED_VARIABLE = YES;
				IPHONEOS_DEPLOYMENT_TARGET = 15.6;
				LOCALIZATION_PREFERS_STRING_CATALOGS = YES;
				MTL_ENABLE_DEBUG_INFO = INCLUDE_SOURCE;
				MTL_FAST_MATH = YES;
				ONLY_ACTIVE_ARCH = YES;
				SDKROOT = iphoneos;
				SWIFT_ACTIVE_COMPILATION_CONDITIONS = "DEBUG $(inherited)";
				SWIFT_OPTIMIZATION_LEVEL = "-Onone";
			};
			name = Debug;
		};
		B58FBE242DFF388A00A622E4 /* Release */ = {
			isa = XCBuildConfiguration;
			buildSettings = {
				ALWAYS_SEARCH_USER_PATHS = NO;
				ASSETCATALOG_COMPILER_GENERATE_SWIFT_ASSET_SYMBOL_EXTENSIONS = YES;
				CLANG_ANALYZER_LOCALIZABILITY_NONLOCALIZED = YES;
				CLANG_ANALYZER_NONNULL = YES;
				CLANG_ANALYZER_NUMBER_OBJECT_CONVERSION = YES_AGGRESSIVE;
				CLANG_CXX_LANGUAGE_STANDARD = "gnu++20";
				CLANG_ENABLE_MODULES = YES;
				CLANG_ENABLE_OBJC_ARC = YES;
				CLANG_ENABLE_OBJC_WEAK = YES;
				CLANG_WARN_BLOCK_CAPTURE_AUTORELEASING = YES;
				CLANG_WARN_BOOL_CONVERSION = YES;
				CLANG_WARN_COMMA = YES;
				CLANG_WARN_CONSTANT_CONVERSION = YES;
				CLANG_WARN_DEPRECATED_OBJC_IMPLEMENTATIONS = YES;
				CLANG_WARN_DIRECT_OBJC_ISA_USAGE = YES_ERROR;
				CLANG_WARN_DOCUMENTATION_COMMENTS = YES;
				CLANG_WARN_EMPTY_BODY = YES;
				CLANG_WARN_ENUM_CONVERSION = YES;
				CLANG_WARN_INFINITE_RECURSION = YES;
				CLANG_WARN_INT_CONVERSION = YES;
				CLANG_WARN_NON_LITERAL_NULL_CONVERSION = YES;
				CLANG_WARN_OBJC_IMPLICIT_RETAIN_SELF = YES;
				CLANG_WARN_OBJC_LITERAL_CONVERSION = YES;
				CLANG_WARN_OBJC_ROOT_CLASS = YES_ERROR;
				CLANG_WARN_QUOTED_INCLUDE_IN_FRAMEWORK_HEADER = YES;
				CLANG_WARN_RANGE_LOOP_ANALYSIS = YES;
				CLANG_WARN_STRICT_PROTOTYPES = YES;
				CLANG_WARN_SUSPICIOUS_MOVE = YES;
				CLANG_WARN_UNGUARDED_AVAILABILITY = YES_AGGRESSIVE;
				CLANG_WARN_UNREACHABLE_CODE = YES;
				CLANG_WARN__DUPLICATE_METHOD_MATCH = YES;
				COPY_PHASE_STRIP = NO;
				DEBUG_INFORMATION_FORMAT = "dwarf-with-dsym";
				ENABLE_NS_ASSERTIONS = NO;
				ENABLE_STRICT_OBJC_MSGSEND = YES;
				ENABLE_USER_SCRIPT_SANDBOXING = YES;
				GCC_C_LANGUAGE_STANDARD = gnu17;
				GCC_NO_COMMON_BLOCKS = YES;
				GCC_WARN_64_TO_32_BIT_CONVERSION = YES;
				GCC_WARN_ABOUT_RETURN_TYPE = YES_ERROR;
				GCC_WARN_UNDECLARED_SELECTOR = YES;
				GCC_WARN_UNINITIALIZED_AUTOS = YES_AGGRESSIVE;
				GCC_WARN_UNUSED_FUNCTION = YES;
				GCC_WARN_UNUSED_VARIABLE = YES;
				IPHONEOS_DEPLOYMENT_TARGET = 15.6;
				LOCALIZATION_PREFERS_STRING_CATALOGS = YES;
				MTL_ENABLE_DEBUG_INFO = NO;
				MTL_FAST_MATH = YES;
				SDKROOT = iphoneos;
				SWIFT_COMPILATION_MODE = wholemodule;
				VALIDATE_PRODUCT = YES;
			};
			name = Release;
		};
		B58FBE262DFF388A00A622E4 /* Debug */ = {
			isa = XCBuildConfiguration;
			buildSettings = {
				ASSETCATALOG_COMPILER_APPICON_NAME = AppIcon;
				ASSETCATALOG_COMPILER_GLOBAL_ACCENT_COLOR_NAME = AccentColor;
				CODE_SIGN_STYLE = Automatic;
				CURRENT_PROJECT_VERSION = 1;
				ENABLE_PREVIEWS = YES;
				GENERATE_INFOPLIST_FILE = YES;
				INFOPLIST_FILE = netmusic/Info.plist;
				INFOPLIST_KEY_UIApplicationSceneManifest_Generation = YES;
				INFOPLIST_KEY_UIApplicationSupportsIndirectInputEvents = YES;
				INFOPLIST_KEY_UILaunchScreen_Generation = YES;
				INFOPLIST_KEY_UISupportedInterfaceOrientations_iPad = "UIInterfaceOrientationPortrait UIInterfaceOrientationPortraitUpsideDown UIInterfaceOrientationLandscapeLeft UIInterfaceOrientationLandscapeRight";
				INFOPLIST_KEY_UISupportedInterfaceOrientations_iPhone = "UIInterfaceOrientationPortrait UIInterfaceOrientationLandscapeLeft UIInterfaceOrientationLandscapeRight";
				LD_RUNPATH_SEARCH_PATHS = (
					"$(inherited)",
					"@executable_path/Frameworks",
				);
				MARKETING_VERSION = 1.0;
				PRODUCT_BUNDLE_IDENTIFIER = "-xav10086.netmusic";
				PRODUCT_NAME = "$(TARGET_NAME)";
				SDKROOT = iphoneos;
				SUPPORTED_PLATFORMS = "iphoneos iphonesimulator";
				SUPPORTS_MACCATALYST = NO;
				SUPPORTS_MAC_DESIGNED_FOR_IPHONE_IPAD = YES;
				SWIFT_EMIT_LOC_STRINGS = YES;
				SWIFT_VERSION = 5.0;
				TARGETED_DEVICE_FAMILY = "1,2";
			};
			name = Debug;
		};
		B58FBE272DFF388A00A622E4 /* Release */ = {
			isa = XCBuildConfiguration;
			buildSettings = {
				ASSETCATALOG_COMPILER_APPICON_NAME = AppIcon;
				ASSETCATALOG_COMPILER_GLOBAL_ACCENT_COLOR_NAME = AccentColor;
				CODE_SIGN_STYLE = Automatic;
				CURRENT_PROJECT_VERSION = 1;
				ENABLE_PREVIEWS = YES;
				GENERATE_INFOPLIST_FILE = YES;
				INFOPLIST_FILE = netmusic/Info.plist;
				INFOPLIST_KEY_UIApplicationSceneManifest_Generation = YES;
				INFOPLIST_KEY_UIApplicationSupportsIndirectInputEvents = YES;
				INFOPLIST_KEY_UILaunchScreen_Generation = YES;
				INFOPLIST_KEY_UISupportedInterfaceOrientations_iPad = "UIInterfaceOrientationPortrait UIInterfaceOrientationPortraitUpsideDown UIInterfaceOrientationLandscapeLeft UIInterfaceOrientationLandscapeRight";
				INFOPLIST_KEY_UISupportedInterfaceOrientations_iPhone = "UIInterfaceOrientationPortrait UIInterfaceOrientationLandscapeLeft UIInterfaceOrientationLandscapeRight";
				LD_RUNPATH_SEARCH_PATHS = (
					"$(inherited)",
					"@executable_path/Frameworks",
				);
				MARKETING_VERSION = 1.0;
				PRODUCT_BUNDLE_IDENTIFIER = "-xav10086.netmusic";
				PRODUCT_NAME = "$(TARGET_NAME)";
				SDKROOT = iphoneos;
				SUPPORTED_PLATFORMS = "iphoneos iphonesimulator";
				SUPPORTS_MACCATALYST = NO;
				SUPPORTS_MAC_DESIGNED_FOR_IPHONE_IPAD = YES;
				SWIFT_EMIT_LOC_STRINGS = YES;
				SWIFT_VERSION = 5.0;
				TARGETED_DEVICE_FAMILY = "1,2";
			};
			name = Release;
		};
/* End XCBuildConfiguration section */

/* Begin XCConfigurationList section */
		B579CFD92E00D2E800B1F047 /* Build configuration list for PBXNativeTarget "MusicApi" */ = {
			isa = XCConfigurationList;
			buildConfigurations = (
				B579CFDA2E00D2E800B1F047 /* Debug */,
				B579CFDB2E00D2E800B1F047 /* Release */,
			);
			defaultConfigurationIsVisible = 0;
			defaultConfigurationName = Release;
		};
		B579CFF12E00D2FF00B1F047 /* Build configuration list for PBXNativeTarget "MusicApiTest" */ = {
			isa = XCConfigurationList;
			buildConfigurations = (
				B579CFF22E00D2FF00B1F047 /* Debug */,
				B579CFF32E00D2FF00B1F047 /* Release */,
			);
			defaultConfigurationIsVisible = 0;
			defaultConfigurationName = Release;
		};
		B579D0202E00D5C500B1F047 /* Build configuration list for PBXNativeTarget "MusicApiTests" */ = {
			isa = XCConfigurationList;
			buildConfigurations = (
				B579D0212E00D5C500B1F047 /* Debug */,
				B579D0222E00D5C500B1F047 /* Release */,
			);
			defaultConfigurationIsVisible = 0;
			defaultConfigurationName = Release;
		};
		B58FBDFF2DFF388900A622E4 /* Build configuration list for PBXProject "netmusic" */ = {
			isa = XCConfigurationList;
			buildConfigurations = (
				B58FBE232DFF388A00A622E4 /* Debug */,
				B58FBE242DFF388A00A622E4 /* Release */,
			);
			defaultConfigurationIsVisible = 0;
			defaultConfigurationName = Release;
		};
		B58FBE252DFF388A00A622E4 /* Build configuration list for PBXNativeTarget "netmusic" */ = {
			isa = XCConfigurationList;
			buildConfigurations = (
				B58FBE262DFF388A00A622E4 /* Debug */,
				B58FBE272DFF388A00A622E4 /* Release */,
			);
			defaultConfigurationIsVisible = 0;
			defaultConfigurationName = Release;
		};
/* End XCConfigurationList section */
	};
	rootObject = B58FBDFC2DFF388900A622E4 /* Project object */;
}
