// !$*UTF8*$!
{
	archiveVersion = 1;
	classes = {
	};
	objectVersion = 53;
	objects = {

/* Begin PBXBuildFile section */
		B58FBE952E009F1D00A622E4 /* Assets.xcassets in Resources */ = {isa = PBXBuildFile; fileRef = B58FBE912E009F1D00A622E4 /* Assets.xcassets */; };
		B58FBE972E009F1D00A622E4 /* router.swift in Sources */ = {isa = PBXBuildFile; fileRef = B58FBE802E009F1D00A622E4 /* router.swift */; };
		B58FBE982E009F1D00A622E4 /* history_favorite.swift in Sources */ = {isa = PBXBuildFile; fileRef = B58FBE822E009F1D00A622E4 /* history_favorite.swift */; };
		B58FBE992E009F1D00A622E4 /* home.swift in Sources */ = {isa = PBXBuildFile; fileRef = B58FBE842E009F1D00A622E4 /* home.swift */; };
		B58FBE9A2E009F1D00A622E4 /* list.swift in Sources */ = {isa = PBXBuildFile; fileRef = B58FBE862E009F1D00A622E4 /* list.swift */; };
		B58FBE9B2E009F1D00A622E4 /* search.swift in Sources */ = {isa = PBXBuildFile; fileRef = B58FBE882E009F1D00A622E4 /* search.swift */; };
		B58FBE9C2E009F1D00A622E4 /* setting.swift in Sources */ = {isa = PBXBuildFile; fileRef = B58FBE8A2E009F1D00A622E4 /* setting.swift */; };
		B58FBE9D2E009F1D00A622E4 /* song_detail.swift in Sources */ = {isa = PBXBuildFile; fileRef = B58FBE8C2E009F1D00A622E4 /* song_detail.swift */; };
		B58FBE9E2E009F1D00A622E4 /* user.swift in Sources */ = {isa = PBXBuildFile; fileRef = B58FBE8E2E009F1D00A622E4 /* user.swift */; };
		B58FBE9F2E009F1D00A622E4 /* netmusicApp.swift in Sources */ = {isa = PBXBuildFile; fileRef = B58FBE932E009F1D00A622E4 /* netmusicApp.swift */; };
		B58FBEA22E009F2200A622E4 /* netmusicTests.swift in Sources */ = {isa = PBXBuildFile; fileRef = B58FBEA02E009F2200A622E4 /* netmusicTests.swift */; };
		B58FBEA62E009F2500A622E4 /* netmusicUITests.swift in Sources */ = {isa = PBXBuildFile; fileRef = B58FBEA32E009F2500A622E4 /* netmusicUITests.swift */; };
		B58FBEA72E009F2500A622E4 /* netmusicUITestsLaunchTests.swift in Sources */ = {isa = PBXBuildFile; fileRef = B58FBEA42E009F2500A622E4 /* netmusicUITestsLaunchTests.swift */; };
/* End PBXBuildFile section */

/* Begin PBXContainerItemProxy section */
		B58FBE122DFF388A00A622E4 /* PBXContainerItemProxy */ = {
			isa = PBXContainerItemProxy;
			containerPortal = B58FBDFC2DFF388900A622E4 /* Project object */;
			proxyType = 1;
			remoteGlobalIDString = B58FBE032DFF388900A622E4;
			remoteInfo = netmusic;
		};
		B58FBE1C2DFF388A00A622E4 /* PBXContainerItemProxy */ = {
			isa = PBXContainerItemProxy;
			containerPortal = B58FBDFC2DFF388900A622E4 /* Project object */;
			proxyType = 1;
			remoteGlobalIDString = B58FBE032DFF388900A622E4;
			remoteInfo = netmusic;
		};
/* End PBXContainerItemProxy section */

/* Begin PBXFileReference section */
		B58FBE042DFF388900A622E4 /* netmusic.app */ = {isa = PBXFileReference; explicitFileType = wrapper.application; includeInIndex = 0; path = netmusic.app; sourceTree = BUILT_PRODUCTS_DIR; };
		B58FBE112DFF388A00A622E4 /* netmusicTests.xctest */ = {isa = PBXFileReference; explicitFileType = wrapper.cfbundle; includeInIndex = 0; path = netmusicTests.xctest; sourceTree = BUILT_PRODUCTS_DIR; };
		B58FBE1B2DFF388A00A622E4 /* netmusicUITests.xctest */ = {isa = PBXFileReference; explicitFileType = wrapper.cfbundle; includeInIndex = 0; path = netmusicUITests.xctest; sourceTree = BUILT_PRODUCTS_DIR; };
		B58FBE802E009F1D00A622E4 /* router.swift */ = {isa = PBXFileReference; lastKnownFileType = sourcecode.swift; path = router.swift; sourceTree = "<group>"; };
		B58FBE822E009F1D00A622E4 /* history_favorite.swift */ = {isa = PBXFileReference; lastKnownFileType = sourcecode.swift; path = history_favorite.swift; sourceTree = "<group>"; };
		B58FBE842E009F1D00A622E4 /* home.swift */ = {isa = PBXFileReference; lastKnownFileType = sourcecode.swift; path = home.swift; sourceTree = "<group>"; };
		B58FBE862E009F1D00A622E4 /* list.swift */ = {isa = PBXFileReference; lastKnownFileType = sourcecode.swift; path = list.swift; sourceTree = "<group>"; };
		B58FBE882E009F1D00A622E4 /* search.swift */ = {isa = PBXFileReference; lastKnownFileType = sourcecode.swift; path = search.swift; sourceTree = "<group>"; };
		B58FBE8A2E009F1D00A622E4 /* setting.swift */ = {isa = PBXFileReference; lastKnownFileType = sourcecode.swift; path = setting.swift; sourceTree = "<group>"; };
		B58FBE8C2E009F1D00A622E4 /* song_detail.swift */ = {isa = PBXFileReference; lastKnownFileType = sourcecode.swift; path = song_detail.swift; sourceTree = "<group>"; };
		B58FBE8E2E009F1D00A622E4 /* user.swift */ = {isa = PBXFileReference; lastKnownFileType = sourcecode.swift; path = user.swift; sourceTree = "<group>"; };
		B58FBE912E009F1D00A622E4 /* Assets.xcassets */ = {isa = PBXFileReference; lastKnownFileType = folder.assetcatalog; path = Assets.xcassets; sourceTree = "<group>"; };
		B58FBE922E009F1D00A622E4 /* Info.plist */ = {isa = PBXFileReference; lastKnownFileType = text.plist.xml; path = Info.plist; sourceTree = "<group>"; };
		B58FBE932E009F1D00A622E4 /* netmusicApp.swift */ = {isa = PBXFileReference; lastKnownFileType = sourcecode.swift; path = netmusicApp.swift; sourceTree = "<group>"; };
		B58FBEA02E009F2200A622E4 /* netmusicTests.swift */ = {isa = PBXFileReference; lastKnownFileType = sourcecode.swift; path = netmusicTests.swift; sourceTree = "<group>"; };
		B58FBEA32E009F2500A622E4 /* netmusicUITests.swift */ = {isa = PBXFileReference; lastKnownFileType = sourcecode.swift; path = netmusicUITests.swift; sourceTree = "<group>"; };
		B58FBEA42E009F2500A622E4 /* netmusicUITestsLaunchTests.swift */ = {isa = PBXFileReference; lastKnownFileType = sourcecode.swift; path = netmusicUITestsLaunchTests.swift; sourceTree = "<group>"; };
/* End PBXFileReference section */

/* Begin PBXFrameworksBuildPhase section */
		B58FBE012DFF388900A622E4 /* Frameworks */ = {
			isa = PBXFrameworksBuildPhase;
			buildActionMask = 2147483647;
			files = (
			);
			runOnlyForDeploymentPostprocessing = 0;
		};
		B58FBE0E2DFF388A00A622E4 /* Frameworks */ = {
			isa = PBXFrameworksBuildPhase;
			buildActionMask = 2147483647;
			files = (
			);
			runOnlyForDeploymentPostprocessing = 0;
		};
		B58FBE182DFF388A00A622E4 /* Frameworks */ = {
			isa = PBXFrameworksBuildPhase;
			buildActionMask = 2147483647;
			files = (
			);
			runOnlyForDeploymentPostprocessing = 0;
		};
/* End PBXFrameworksBuildPhase section */

/* Begin PBXGroup section */
		B58FBDFB2DFF388900A622E4 = {
			isa = PBXGroup;
			children = (
				B58FBE942E009F1D00A622E4 /* netmusic */,
				B58FBEA12E009F2200A622E4 /* netmusicTests */,
				B58FBEA52E009F2500A622E4 /* netmusicUITests */,
				B58FBE052DFF388900A622E4 /* Products */,
			);
			sourceTree = "<group>";
		};
		B58FBE052DFF388900A622E4 /* Products */ = {
			isa = PBXGroup;
			children = (
				B58FBE042DFF388900A622E4 /* netmusic.app */,
				B58FBE112DFF388A00A622E4 /* netmusicTests.xctest */,
				B58FBE1B2DFF388A00A622E4 /* netmusicUITests.xctest */,
			);
			name = Products;
			sourceTree = "<group>";
		};
		B58FBE7F2E009F1D00A622E4 /* api */ = {
			isa = PBXGroup;
			children = (
			);
			path = api;
			sourceTree = "<group>";
		};
		B58FBE812E009F1D00A622E4 /* router */ = {
			isa = PBXGroup;
			children = (
				B58FBE802E009F1D00A622E4 /* router.swift */,
			);
			path = router;
			sourceTree = "<group>";
		};
		B58FBE832E009F1D00A622E4 /* history_favorite */ = {
			isa = PBXGroup;
			children = (
				B58FBE822E009F1D00A622E4 /* history_favorite.swift */,
			);
			path = history_favorite;
			sourceTree = "<group>";
		};
		B58FBE852E009F1D00A622E4 /* home */ = {
			isa = PBXGroup;
			children = (
				B58FBE842E009F1D00A622E4 /* home.swift */,
			);
			path = home;
			sourceTree = "<group>";
		};
		B58FBE872E009F1D00A622E4 /* List */ = {
			isa = PBXGroup;
			children = (
				B58FBE862E009F1D00A622E4 /* list.swift */,
			);
			path = List;
			sourceTree = "<group>";
		};
		B58FBE892E009F1D00A622E4 /* search */ = {
			isa = PBXGroup;
			children = (
				B58FBE882E009F1D00A622E4 /* search.swift */,
			);
			path = search;
			sourceTree = "<group>";
		};
		B58FBE8B2E009F1D00A622E4 /* setting */ = {
			isa = PBXGroup;
			children = (
				B58FBE8A2E009F1D00A622E4 /* setting.swift */,
			);
			path = setting;
			sourceTree = "<group>";
		};
		B58FBE8D2E009F1D00A622E4 /* songdetail */ = {
			isa = PBXGroup;
			children = (
				B58FBE8C2E009F1D00A622E4 /* song_detail.swift */,
			);
			path = songdetail;
			sourceTree = "<group>";
		};
		B58FBE8F2E009F1D00A622E4 /* user */ = {
			isa = PBXGroup;
			children = (
				B58FBE8E2E009F1D00A622E4 /* user.swift */,
			);
			path = user;
			sourceTree = "<group>";
		};
		B58FBE902E009F1D00A622E4 /* views */ = {
			isa = PBXGroup;
			children = (
				B58FBE832E009F1D00A622E4 /* history_favorite */,
				B58FBE852E009F1D00A622E4 /* home */,
				B58FBE872E009F1D00A622E4 /* List */,
				B58FBE892E009F1D00A622E4 /* search */,
				B58FBE8B2E009F1D00A622E4 /* setting */,
				B58FBE8D2E009F1D00A622E4 /* songdetail */,
				B58FBE8F2E009F1D00A622E4 /* user */,
			);
			path = views;
			sourceTree = "<group>";
		};
		B58FBE942E009F1D00A622E4 /* netmusic */ = {
			isa = PBXGroup;
			children = (
				B58FBE7F2E009F1D00A622E4 /* api */,
				B58FBE812E009F1D00A622E4 /* router */,
				B58FBE902E009F1D00A622E4 /* views */,
				B58FBE912E009F1D00A622E4 /* Assets.xcassets */,
				B58FBE922E009F1D00A622E4 /* Info.plist */,
				B58FBE932E009F1D00A622E4 /* netmusicApp.swift */,
			);
			path = netmusic;
			sourceTree = "<group>";
		};
		B58FBEA12E009F2200A622E4 /* netmusicTests */ = {
			isa = PBXGroup;
			children = (
				B58FBEA02E009F2200A622E4 /* netmusicTests.swift */,
			);
			path = netmusicTests;
			sourceTree = "<group>";
		};
		B58FBEA52E009F2500A622E4 /* netmusicUITests */ = {
			isa = PBXGroup;
			children = (
				B58FBEA32E009F2500A622E4 /* netmusicUITests.swift */,
				B58FBEA42E009F2500A622E4 /* netmusicUITestsLaunchTests.swift */,
			);
			path = netmusicUITests;
			sourceTree = "<group>";
		};
/* End PBXGroup section */

/* Begin PBXNativeTarget section */
		B58FBE032DFF388900A622E4 /* netmusic */ = {
			isa = PBXNativeTarget;
			buildConfigurationList = B58FBE252DFF388A00A622E4 /* Build configuration list for PBXNativeTarget "netmusic" */;
			buildPhases = (
				B58FBE002DFF388900A622E4 /* Sources */,
				B58FBE012DFF388900A622E4 /* Frameworks */,
				B58FBE022DFF388900A622E4 /* Resources */,
			);
			buildRules = (
			);
			dependencies = (
			);
			name = netmusic;
			packageProductDependencies = (
			);
			productName = netmusic;
			productReference = B58FBE042DFF388900A622E4 /* netmusic.app */;
			productType = "com.apple.product-type.application";
		};
		B58FBE102DFF388A00A622E4 /* netmusicTests */ = {
			isa = PBXNativeTarget;
			buildConfigurationList = B58FBE282DFF388A00A622E4 /* Build configuration list for PBXNativeTarget "netmusicTests" */;
			buildPhases = (
				B58FBE0D2DFF388A00A622E4 /* Sources */,
				B58FBE0E2DFF388A00A622E4 /* Frameworks */,
				B58FBE0F2DFF388A00A622E4 /* Resources */,
			);
			buildRules = (
			);
			dependencies = (
				B58FBE132DFF388A00A622E4 /* PBXTargetDependency */,
			);
			name = netmusicTests;
			packageProductDependencies = (
			);
			productName = netmusicTests;
			productReference = B58FBE112DFF388A00A622E4 /* netmusicTests.xctest */;
			productType = "com.apple.product-type.bundle.unit-test";
		};
		B58FBE1A2DFF388A00A622E4 /* netmusicUITests */ = {
			isa = PBXNativeTarget;
			buildConfigurationList = B58FBE2B2DFF388A00A622E4 /* Build configuration list for PBXNativeTarget "netmusicUITests" */;
			buildPhases = (
				B58FBE172DFF388A00A622E4 /* Sources */,
				B58FBE182DFF388A00A622E4 /* Frameworks */,
				B58FBE192DFF388A00A622E4 /* Resources */,
			);
			buildRules = (
			);
			dependencies = (
				B58FBE1D2DFF388A00A622E4 /* PBXTargetDependency */,
			);
			name = netmusicUITests;
			packageProductDependencies = (
			);
			productName = netmusicUITests;
			productReference = B58FBE1B2DFF388A00A622E4 /* netmusicUITests.xctest */;
			productType = "com.apple.product-type.bundle.ui-testing";
		};
/* End PBXNativeTarget section */

/* Begin PBXProject section */
		B58FBDFC2DFF388900A622E4 /* Project object */ = {
			isa = PBXProject;
			attributes = {
				BuildIndependentTargetsInParallel = 1;
				LastSwiftUpdateCheck = 1640;
				LastUpgradeCheck = 1640;
				TargetAttributes = {
					B58FBE032DFF388900A622E4 = {
						CreatedOnToolsVersion = 16.4;
					};
					B58FBE102DFF388A00A622E4 = {
						CreatedOnToolsVersion = 16.4;
						TestTargetID = B58FBE032DFF388900A622E4;
					};
					B58FBE1A2DFF388A00A622E4 = {
						CreatedOnToolsVersion = 16.4;
						TestTargetID = B58FBE032DFF388900A622E4;
					};
				};
			};
			buildConfigurationList = B58FBDFF2DFF388900A622E4 /* Build configuration list for PBXProject "netmusic" */;
			compatibilityVersion = "Xcode 12.0";
			developmentRegion = en;
			hasScannedForEncodings = 0;
			knownRegions = (
				en,
				Base,
			);
			mainGroup = B58FBDFB2DFF388900A622E4;
			minimizedProjectReferenceProxies = 1;
			productRefGroup = B58FBE052DFF388900A622E4 /* Products */;
			projectDirPath = "";
			projectRoot = "";
			targets = (
				B58FBE032DFF388900A622E4 /* netmusic */,
				B58FBE102DFF388A00A622E4 /* netmusicTests */,
				B58FBE1A2DFF388A00A622E4 /* netmusicUITests */,
			);
		};
/* End PBXProject section */

/* Begin PBXResourcesBuildPhase section */
		B58FBE022DFF388900A622E4 /* Resources */ = {
			isa = PBXResourcesBuildPhase;
			buildActionMask = 2147483647;
			files = (
				B58FBE952E009F1D00A622E4 /* Assets.xcassets in Resources */,
			);
			runOnlyForDeploymentPostprocessing = 0;
		};
		B58FBE0F2DFF388A00A622E4 /* Resources */ = {
			isa = PBXResourcesBuildPhase;
			buildActionMask = 2147483647;
			files = (
			);
			runOnlyForDeploymentPostprocessing = 0;
		};
		B58FBE192DFF388A00A622E4 /* Resources */ = {
			isa = PBXResourcesBuildPhase;
			buildActionMask = 2147483647;
			files = (
			);
			runOnlyForDeploymentPostprocessing = 0;
		};
/* End PBXResourcesBuildPhase section */

/* Begin PBXSourcesBuildPhase section */
		B58FBE002DFF388900A622E4 /* Sources */ = {
			isa = PBXSourcesBuildPhase;
			buildActionMask = 2147483647;
			files = (
				B58FBE972E009F1D00A622E4 /* router.swift in Sources */,
				B58FBE982E009F1D00A622E4 /* history_favorite.swift in Sources */,
				B58FBE992E009F1D00A622E4 /* home.swift in Sources */,
				B58FBE9A2E009F1D00A622E4 /* list.swift in Sources */,
				B58FBE9B2E009F1D00A622E4 /* search.swift in Sources */,
				B58FBE9C2E009F1D00A622E4 /* setting.swift in Sources */,
				B58FBE9D2E009F1D00A622E4 /* song_detail.swift in Sources */,
				B58FBE9E2E009F1D00A622E4 /* user.swift in Sources */,
				B58FBE9F2E009F1D00A622E4 /* netmusicApp.swift in Sources */,
			);
			runOnlyForDeploymentPostprocessing = 0;
		};
		B58FBE0D2DFF388A00A622E4 /* Sources */ = {
			isa = PBXSourcesBuildPhase;
			buildActionMask = 2147483647;
			files = (
				B58FBEA22E009F2200A622E4 /* netmusicTests.swift in Sources */,
			);
			runOnlyForDeploymentPostprocessing = 0;
		};
		B58FBE172DFF388A00A622E4 /* Sources */ = {
			isa = PBXSourcesBuildPhase;
			buildActionMask = 2147483647;
			files = (
				B58FBEA62E009F2500A622E4 /* netmusicUITests.swift in Sources */,
				B58FBEA72E009F2500A622E4 /* netmusicUITestsLaunchTests.swift in Sources */,
			);
			runOnlyForDeploymentPostprocessing = 0;
		};
/* End PBXSourcesBuildPhase section */

/* Begin PBXTargetDependency section */
		B58FBE132DFF388A00A622E4 /* PBXTargetDependency */ = {
			isa = PBXTargetDependency;
			target = B58FBE032DFF388900A622E4 /* netmusic */;
			targetProxy = B58FBE122DFF388A00A622E4 /* PBXContainerItemProxy */;
		};
		B58FBE1D2DFF388A00A622E4 /* PBXTargetDependency */ = {
			isa = PBXTargetDependency;
			target = B58FBE032DFF388900A622E4 /* netmusic */;
			targetProxy = B58FBE1C2DFF388A00A622E4 /* PBXContainerItemProxy */;
		};
/* End PBXTargetDependency section */

/* Begin XCBuildConfiguration section */
		B58FBE232DFF388A00A622E4 /* Debug */ = {
			isa = XCBuildConfiguration;
			buildSettings = {
				ALWAYS_SEARCH_USER_PATHS = NO;
				ASSETCATALOG_COMPILER_GENERATE_SWIFT_ASSET_SYMBOL_EXTENSIONS = YES;
				CLANG_ANALYZER_NONNULL = YES;
				CLANG_ANALYZER_NUMBER_OBJECT_CONVERSION = YES_AGGRESSIVE;
				CLANG_CXX_LANGUAGE_STANDARD = "gnu++20";
				CLANG_ENABLE_MODULES = YES;
				CLANG_ENABLE_OBJC_ARC = YES;
				CLANG_ENABLE_OBJC_WEAK = YES;
				CLANG_WARN_BLOCK_CAPTURE_AUTORELEASING = YES;
				CLANG_WARN_BOOL_CONVERSION = YES;
				CLANG_WARN_COMMA = YES;
				CLANG_WARN_CONSTANT_CONVERSION = YES;
				CLANG_WARN_DEPRECATED_OBJC_IMPLEMENTATIONS = YES;
				CLANG_WARN_DIRECT_OBJC_ISA_USAGE = YES_ERROR;
				CLANG_WARN_DOCUMENTATION_COMMENTS = YES;
				CLANG_WARN_EMPTY_BODY = YES;
				CLANG_WARN_ENUM_CONVERSION = YES;
				CLANG_WARN_INFINITE_RECURSION = YES;
				CLANG_WARN_INT_CONVERSION = YES;
				CLANG_WARN_NON_LITERAL_NULL_CONVERSION = YES;
				CLANG_WARN_OBJC_IMPLICIT_RETAIN_SELF = YES;
				CLANG_WARN_OBJC_LITERAL_CONVERSION = YES;
				CLANG_WARN_OBJC_ROOT_CLASS = YES_ERROR;
				CLANG_WARN_QUOTED_INCLUDE_IN_FRAMEWORK_HEADER = YES;
				CLANG_WARN_RANGE_LOOP_ANALYSIS = YES;
				CLANG_WARN_STRICT_PROTOTYPES = YES;
				CLANG_WARN_SUSPICIOUS_MOVE = YES;
				CLANG_WARN_UNGUARDED_AVAILABILITY = YES_AGGRESSIVE;
				CLANG_WARN_UNREACHABLE_CODE = YES;
				CLANG_WARN__DUPLICATE_METHOD_MATCH = YES;
				COPY_PHASE_STRIP = NO;
				DEBUG_INFORMATION_FORMAT = dwarf;
				ENABLE_STRICT_OBJC_MSGSEND = YES;
				ENABLE_TESTABILITY = YES;
				ENABLE_USER_SCRIPT_SANDBOXING = YES;
				GCC_C_LANGUAGE_STANDARD = gnu17;
				GCC_DYNAMIC_NO_PIC = NO;
				GCC_NO_COMMON_BLOCKS = YES;
				GCC_OPTIMIZATION_LEVEL = 0;
				GCC_PREPROCESSOR_DEFINITIONS = (
					"DEBUG=1",
					"$(inherited)",
				);
				GCC_WARN_64_TO_32_BIT_CONVERSION = YES;
				GCC_WARN_ABOUT_RETURN_TYPE = YES_ERROR;
				GCC_WARN_UNDECLARED_SELECTOR = YES;
				GCC_WARN_UNINITIALIZED_AUTOS = YES_AGGRESSIVE;
				GCC_WARN_UNUSED_FUNCTION = YES;
				GCC_WARN_UNUSED_VARIABLE = YES;
				IPHONEOS_DEPLOYMENT_TARGET = 15.6;
				LOCALIZATION_PREFERS_STRING_CATALOGS = YES;
				MTL_ENABLE_DEBUG_INFO = INCLUDE_SOURCE;
				MTL_FAST_MATH = YES;
				ONLY_ACTIVE_ARCH = YES;
				SDKROOT = iphoneos;
				SWIFT_ACTIVE_COMPILATION_CONDITIONS = "DEBUG $(inherited)";
				SWIFT_OPTIMIZATION_LEVEL = "-Onone";
			};
			name = Debug;
		};
		B58FBE242DFF388A00A622E4 /* Release */ = {
			isa = XCBuildConfiguration;
			buildSettings = {
				ALWAYS_SEARCH_USER_PATHS = NO;
				ASSETCATALOG_COMPILER_GENERATE_SWIFT_ASSET_SYMBOL_EXTENSIONS = YES;
				CLANG_ANALYZER_NONNULL = YES;
				CLANG_ANALYZER_NUMBER_OBJECT_CONVERSION = YES_AGGRESSIVE;
				CLANG_CXX_LANGUAGE_STANDARD = "gnu++20";
				CLANG_ENABLE_MODULES = YES;
				CLANG_ENABLE_OBJC_ARC = YES;
				CLANG_ENABLE_OBJC_WEAK = YES;
				CLANG_WARN_BLOCK_CAPTURE_AUTORELEASING = YES;
				CLANG_WARN_BOOL_CONVERSION = YES;
				CLANG_WARN_COMMA = YES;
				CLANG_WARN_CONSTANT_CONVERSION = YES;
				CLANG_WARN_DEPRECATED_OBJC_IMPLEMENTATIONS = YES;
				CLANG_WARN_DIRECT_OBJC_ISA_USAGE = YES_ERROR;
				CLANG_WARN_DOCUMENTATION_COMMENTS = YES;
				CLANG_WARN_EMPTY_BODY = YES;
				CLANG_WARN_ENUM_CONVERSION = YES;
				CLANG_WARN_INFINITE_RECURSION = YES;
				CLANG_WARN_INT_CONVERSION = YES;
				CLANG_WARN_NON_LITERAL_NULL_CONVERSION = YES;
				CLANG_WARN_OBJC_IMPLICIT_RETAIN_SELF = YES;
				CLANG_WARN_OBJC_LITERAL_CONVERSION = YES;
				CLANG_WARN_OBJC_ROOT_CLASS = YES_ERROR;
				CLANG_WARN_QUOTED_INCLUDE_IN_FRAMEWORK_HEADER = YES;
				CLANG_WARN_RANGE_LOOP_ANALYSIS = YES;
				CLANG_WARN_STRICT_PROTOTYPES = YES;
				CLANG_WARN_SUSPICIOUS_MOVE = YES;
				CLANG_WARN_UNGUARDED_AVAILABILITY = YES_AGGRESSIVE;
				CLANG_WARN_UNREACHABLE_CODE = YES;
				CLANG_WARN__DUPLICATE_METHOD_MATCH = YES;
				COPY_PHASE_STRIP = NO;
				DEBUG_INFORMATION_FORMAT = "dwarf-with-dsym";
				ENABLE_NS_ASSERTIONS = NO;
				ENABLE_STRICT_OBJC_MSGSEND = YES;
				ENABLE_USER_SCRIPT_SANDBOXING = YES;
				GCC_C_LANGUAGE_STANDARD = gnu17;
				GCC_NO_COMMON_BLOCKS = YES;
				GCC_WARN_64_TO_32_BIT_CONVERSION = YES;
				GCC_WARN_ABOUT_RETURN_TYPE = YES_ERROR;
				GCC_WARN_UNDECLARED_SELECTOR = YES;
				GCC_WARN_UNINITIALIZED_AUTOS = YES_AGGRESSIVE;
				GCC_WARN_UNUSED_FUNCTION = YES;
				GCC_WARN_UNUSED_VARIABLE = YES;
				IPHONEOS_DEPLOYMENT_TARGET = 15.6;
				LOCALIZATION_PREFERS_STRING_CATALOGS = YES;
				MTL_ENABLE_DEBUG_INFO = NO;
				MTL_FAST_MATH = YES;
				SDKROOT = iphoneos;
				SWIFT_COMPILATION_MODE = wholemodule;
				VALIDATE_PRODUCT = YES;
			};
			name = Release;
		};
		B58FBE262DFF388A00A622E4 /* Debug */ = {
			isa = XCBuildConfiguration;
			buildSettings = {
				ASSETCATALOG_COMPILER_APPICON_NAME = AppIcon;
				ASSETCATALOG_COMPILER_GLOBAL_ACCENT_COLOR_NAME = AccentColor;
				CODE_SIGN_STYLE = Automatic;
				CURRENT_PROJECT_VERSION = 1;
				ENABLE_PREVIEWS = YES;
				GENERATE_INFOPLIST_FILE = YES;
				INFOPLIST_FILE = netmusic/Info.plist;
				INFOPLIST_KEY_UIApplicationSceneManifest_Generation = YES;
				INFOPLIST_KEY_UIApplicationSupportsIndirectInputEvents = YES;
				INFOPLIST_KEY_UILaunchScreen_Generation = YES;
				INFOPLIST_KEY_UISupportedInterfaceOrientations_iPad = "UIInterfaceOrientationPortrait UIInterfaceOrientationPortraitUpsideDown UIInterfaceOrientationLandscapeLeft UIInterfaceOrientationLandscapeRight";
				INFOPLIST_KEY_UISupportedInterfaceOrientations_iPhone = "UIInterfaceOrientationPortrait UIInterfaceOrientationLandscapeLeft UIInterfaceOrientationLandscapeRight";
				LD_RUNPATH_SEARCH_PATHS = (
					"$(inherited)",
					"@executable_path/Frameworks",
				);
				MARKETING_VERSION = 1.0;
				PRODUCT_BUNDLE_IDENTIFIER = "-xav10086.netmusic";
				PRODUCT_NAME = "$(TARGET_NAME)";
				SWIFT_EMIT_LOC_STRINGS = YES;
				SWIFT_VERSION = 5.0;
				TARGETED_DEVICE_FAMILY = "1,2";
			};
			name = Debug;
		};
		B58FBE272DFF388A00A622E4 /* Release */ = {
			isa = XCBuildConfiguration;
			buildSettings = {
				ASSETCATALOG_COMPILER_APPICON_NAME = AppIcon;
				ASSETCATALOG_COMPILER_GLOBAL_ACCENT_COLOR_NAME = AccentColor;
				CODE_SIGN_STYLE = Automatic;
				CURRENT_PROJECT_VERSION = 1;
				ENABLE_PREVIEWS = YES;
				GENERATE_INFOPLIST_FILE = YES;
				INFOPLIST_FILE = netmusic/Info.plist;
				INFOPLIST_KEY_UIApplicationSceneManifest_Generation = YES;
				INFOPLIST_KEY_UIApplicationSupportsIndirectInputEvents = YES;
				INFOPLIST_KEY_UILaunchScreen_Generation = YES;
				INFOPLIST_KEY_UISupportedInterfaceOrientations_iPad = "UIInterfaceOrientationPortrait UIInterfaceOrientationPortraitUpsideDown UIInterfaceOrientationLandscapeLeft UIInterfaceOrientationLandscapeRight";
				INFOPLIST_KEY_UISupportedInterfaceOrientations_iPhone = "UIInterfaceOrientationPortrait UIInterfaceOrientationLandscapeLeft UIInterfaceOrientationLandscapeRight";
				LD_RUNPATH_SEARCH_PATHS = (
					"$(inherited)",
					"@executable_path/Frameworks",
				);
				MARKETING_VERSION = 1.0;
				PRODUCT_BUNDLE_IDENTIFIER = "-xav10086.netmusic";
				PRODUCT_NAME = "$(TARGET_NAME)";
				SWIFT_EMIT_LOC_STRINGS = YES;
				SWIFT_VERSION = 5.0;
				TARGETED_DEVICE_FAMILY = "1,2";
			};
			name = Release;
		};
		B58FBE292DFF388A00A622E4 /* Debug */ = {
			isa = XCBuildConfiguration;
			buildSettings = {
				BUNDLE_LOADER = "$(TEST_HOST)";
				CODE_SIGN_STYLE = Automatic;
				CURRENT_PROJECT_VERSION = 1;
				GENERATE_INFOPLIST_FILE = YES;
				IPHONEOS_DEPLOYMENT_TARGET = 18.5;
				MARKETING_VERSION = 1.0;
				PRODUCT_BUNDLE_IDENTIFIER = "-xav10086.netmusicTests";
				PRODUCT_NAME = "$(TARGET_NAME)";
				SWIFT_EMIT_LOC_STRINGS = NO;
				SWIFT_VERSION = 5.0;
				TARGETED_DEVICE_FAMILY = "1,2";
				TEST_HOST = "$(BUILT_PRODUCTS_DIR)/netmusic.app/$(BUNDLE_EXECUTABLE_FOLDER_PATH)/netmusic";
			};
			name = Debug;
		};
		B58FBE2A2DFF388A00A622E4 /* Release */ = {
			isa = XCBuildConfiguration;
			buildSettings = {
				BUNDLE_LOADER = "$(TEST_HOST)";
				CODE_SIGN_STYLE = Automatic;
				CURRENT_PROJECT_VERSION = 1;
				GENERATE_INFOPLIST_FILE = YES;
				IPHONEOS_DEPLOYMENT_TARGET = 18.5;
				MARKETING_VERSION = 1.0;
				PRODUCT_BUNDLE_IDENTIFIER = "-xav10086.netmusicTests";
				PRODUCT_NAME = "$(TARGET_NAME)";
				SWIFT_EMIT_LOC_STRINGS = NO;
				SWIFT_VERSION = 5.0;
				TARGETED_DEVICE_FAMILY = "1,2";
				TEST_HOST = "$(BUILT_PRODUCTS_DIR)/netmusic.app/$(BUNDLE_EXECUTABLE_FOLDER_PATH)/netmusic";
			};
			name = Release;
		};
		B58FBE2C2DFF388A00A622E4 /* Debug */ = {
			isa = XCBuildConfiguration;
			buildSettings = {
				CODE_SIGN_STYLE = Automatic;
				CURRENT_PROJECT_VERSION = 1;
				GENERATE_INFOPLIST_FILE = YES;
				MARKETING_VERSION = 1.0;
				PRODUCT_BUNDLE_IDENTIFIER = "-xav10086.netmusicUITests";
				PRODUCT_NAME = "$(TARGET_NAME)";
				SWIFT_EMIT_LOC_STRINGS = NO;
				SWIFT_VERSION = 5.0;
				TARGETED_DEVICE_FAMILY = "1,2";
				TEST_TARGET_NAME = netmusic;
			};
			name = Debug;
		};
		B58FBE2D2DFF388A00A622E4 /* Release */ = {
			isa = XCBuildConfiguration;
			buildSettings = {
				CODE_SIGN_STYLE = Automatic;
				CURRENT_PROJECT_VERSION = 1;
				GENERATE_INFOPLIST_FILE = YES;
				MARKETING_VERSION = 1.0;
				PRODUCT_BUNDLE_IDENTIFIER = "-xav10086.netmusicUITests";
				PRODUCT_NAME = "$(TARGET_NAME)";
				SWIFT_EMIT_LOC_STRINGS = NO;
				SWIFT_VERSION = 5.0;
				TARGETED_DEVICE_FAMILY = "1,2";
				TEST_TARGET_NAME = netmusic;
			};
			name = Release;
		};
/* End XCBuildConfiguration section */

/* Begin XCConfigurationList section */
		B58FBDFF2DFF388900A622E4 /* Build configuration list for PBXProject "netmusic" */ = {
			isa = XCConfigurationList;
			buildConfigurations = (
				B58FBE232DFF388A00A622E4 /* Debug */,
				B58FBE242DFF388A00A622E4 /* Release */,
			);
			defaultConfigurationIsVisible = 0;
			defaultConfigurationName = Release;
		};
		B58FBE252DFF388A00A622E4 /* Build configuration list for PBXNativeTarget "netmusic" */ = {
			isa = XCConfigurationList;
			buildConfigurations = (
				B58FBE262DFF388A00A622E4 /* Debug */,
				B58FBE272DFF388A00A622E4 /* Release */,
			);
			defaultConfigurationIsVisible = 0;
			defaultConfigurationName = Release;
		};
		B58FBE282DFF388A00A622E4 /* Build configuration list for PBXNativeTarget "netmusicTests" */ = {
			isa = XCConfigurationList;
			buildConfigurations = (
				B58FBE292DFF388A00A622E4 /* Debug */,
				B58FBE2A2DFF388A00A622E4 /* Release */,
			);
			defaultConfigurationIsVisible = 0;
			defaultConfigurationName = Release;
		};
		B58FBE2B2DFF388A00A622E4 /* Build configuration list for PBXNativeTarget "netmusicUITests" */ = {
			isa = XCConfigurationList;
			buildConfigurations = (
				B58FBE2C2DFF388A00A622E4 /* Debug */,
				B58FBE2D2DFF388A00A622E4 /* Release */,
			);
			defaultConfigurationIsVisible = 0;
			defaultConfigurationName = Release;
		};
/* End XCConfigurationList section */
	};
	rootObject = B58FBDFC2DFF388900A622E4 /* Project object */;
}
